{
  "version": 4,
  "terraform_version": "1.9.3",
  "serial": 96,
  "lineage": "d48b99e8-0c3c-bb10-6766-302fb0dd58f6",
  "outputs": {
    "ec2_public_ip": {
      "value": "35.158.210.47",
      "type": "string"
    },
    "public_subnet_id": {
      "value": "subnet-0df5d7ecb980787c3",
      "type": "string"
    },
    "security_group_id": {
      "value": "sg-029755200814b58d1",
      "type": "string"
    },
    "vpc_id": {
      "value": "vpc-03680ad928f32f936",
      "type": "string"
    }
  },
  "resources": [
    {
      "mode": "managed",
      "type": "aws_instance",
      "name": "portfolio_ec2",
      "provider": "provider[\"registry.terraform.io/hashicorp/aws\"]",
      "instances": [
        {
          "schema_version": 1,
          "attributes": {
            "ami": "ami-0b5673b5f6e8f7fa7",
            "arn": "arn:aws:ec2:eu-central-1:471112875749:instance/i-0df947d7bcb851508",
            "associate_public_ip_address": true,
            "availability_zone": "eu-central-1a",
            "capacity_reservation_specification": [
              {
                "capacity_reservation_preference": "open",
                "capacity_reservation_target": []
              }
            ],
            "cpu_core_count": 1,
            "cpu_options": [
              {
                "amd_sev_snp": "",
                "core_count": 1,
                "threads_per_core": 1
              }
            ],
            "cpu_threads_per_core": 1,
            "credit_specification": [
              {
                "cpu_credits": "standard"
              }
            ],
            "disable_api_stop": false,
            "disable_api_termination": false,
            "ebs_block_device": [],
            "ebs_optimized": false,
            "enclave_options": [
              {
                "enabled": false
              }
            ],
            "ephemeral_block_device": [],
            "get_password_data": false,
            "hibernation": false,
            "host_id": "",
            "host_resource_group_arn": null,
            "iam_instance_profile": "",
            "id": "i-0df947d7bcb851508",
            "instance_initiated_shutdown_behavior": "stop",
            "instance_lifecycle": "",
            "instance_market_options": [],
            "instance_state": "running",
            "instance_type": "t2.micro",
            "ipv6_address_count": 0,
            "ipv6_addresses": [],
            "key_name": "Portfolio_Key",
            "launch_template": [],
            "maintenance_options": [
              {
                "auto_recovery": "default"
              }
            ],
            "metadata_options": [
              {
                "http_endpoint": "enabled",
                "http_protocol_ipv6": "disabled",
                "http_put_response_hop_limit": 2,
                "http_tokens": "required",
                "instance_metadata_tags": "disabled"
              }
            ],
            "monitoring": false,
            "network_interface": [],
            "outpost_arn": "",
            "password_data": "",
            "placement_group": "",
            "placement_partition_number": 0,
            "primary_network_interface_id": "eni-040875c9c0f38ac6f",
            "private_dns": "ip-10-0-1-60.eu-central-1.compute.internal",
            "private_dns_name_options": [
              {
                "enable_resource_name_dns_a_record": false,
                "enable_resource_name_dns_aaaa_record": false,
                "hostname_type": "ip-name"
              }
            ],
            "private_ip": "10.0.1.60",
            "public_dns": "ec2-35-158-210-47.eu-central-1.compute.amazonaws.com",
            "public_ip": "35.158.210.47",
            "root_block_device": [
              {
                "delete_on_termination": true,
                "device_name": "/dev/xvda",
                "encrypted": false,
                "iops": 3000,
                "kms_key_id": "",
                "tags": {},
                "tags_all": {},
                "throughput": 125,
                "volume_id": "vol-0392f57f77b52a7fc",
                "volume_size": 8,
                "volume_type": "gp3"
              }
            ],
            "secondary_private_ips": [],
            "security_groups": [],
            "source_dest_check": true,
            "spot_instance_request_id": "",
            "subnet_id": "subnet-0df5d7ecb980787c3",
            "tags": {
              "Name": "Portfolio-EC2"
            },
            "tags_all": {
              "Name": "Portfolio-EC2"
            },
            "tenancy": "default",
            "timeouts": null,
            "user_data": "4cf464da5f9dd1c411a3a2fe726e0059c2be81d0",
            "user_data_base64": null,
            "user_data_replace_on_change": false,
            "volume_tags": null,
            "vpc_security_group_ids": [
              "sg-029755200814b58d1"
            ]
          },
          "sensitive_attributes": [],
          "private": "eyJlMmJmYjczMC1lY2FhLTExZTYtOGY4OC0zNDM2M2JjN2M0YzAiOnsiY3JlYXRlIjo2MDAwMDAwMDAwMDAsImRlbGV0ZSI6MTIwMDAwMDAwMDAwMCwicmVhZCI6OTAwMDAwMDAwMDAwLCJ1cGRhdGUiOjYwMDAwMDAwMDAwMH0sInNjaGVtYV92ZXJzaW9uIjoiMSJ9",
          "dependencies": [
            "aws_security_group.portfolio_sg",
            "aws_subnet.public_subnet",
            "aws_vpc.portfolio_vpc"
          ]
        }
      ]
    },
    {
      "mode": "managed",
      "type": "aws_internet_gateway",
      "name": "igw",
      "provider": "provider[\"registry.terraform.io/hashicorp/aws\"]",
      "instances": [
        {
          "schema_version": 0,
          "attributes": {
            "arn": "arn:aws:ec2:eu-central-1:471112875749:internet-gateway/igw-0d98105a40be52210",
            "id": "igw-0d98105a40be52210",
            "owner_id": "471112875749",
            "tags": {
              "Name": "Portfolio-IGW"
            },
            "tags_all": {
              "Name": "Portfolio-IGW"
            },
            "timeouts": null,
            "vpc_id": "vpc-03680ad928f32f936"
          },
          "sensitive_attributes": [],
          "private": "eyJlMmJmYjczMC1lY2FhLTExZTYtOGY4OC0zNDM2M2JjN2M0YzAiOnsiY3JlYXRlIjoxMjAwMDAwMDAwMDAwLCJkZWxldGUiOjEyMDAwMDAwMDAwMDAsInVwZGF0ZSI6MTIwMDAwMDAwMDAwMH19",
          "dependencies": [
            "aws_vpc.portfolio_vpc"
          ]
        }
      ]
    },
    {
      "mode": "managed",
      "type": "aws_key_pair",
      "name": "generated",
      "provider": "provider[\"registry.terraform.io/hashicorp/aws\"]",
      "instances": [
        {
          "schema_version": 1,
          "attributes": {
            "arn": "arn:aws:ec2:eu-central-1:471112875749:key-pair/MyAWSKey",
            "fingerprint": "62:f2:fd:41:33:4e:b9:fa:4f:da:01:a8:37:6a:d1:9c",
            "id": "MyAWSKey",
            "key_name": "MyAWSKey",
            "key_name_prefix": "",
            "key_pair_id": "key-0c68c178506e6ebeb",
            "key_type": "rsa",
            "public_key": "ssh-rsa AAAAB3NzaC1yc2EAAAADAQABAAABAQDCZpRTch2mVTIZtn13uoSXA3imZXn4RQHp+yWXQb8+CZ0G8vclZo/rvgkBQM8tRs9CbSoSsci7vh76WMNmLyoprlyjNmEWxRuBssZLqplm7svb2mLGzZ5WffChbSYZ9TvdG6gmdF1un0uQNKBCWRtwttwSvxeQ0ejZJYSTws1YYUpDDxJPyRUwX3Qigg67uXZRRKZqFKj1RVRyO0t9En1TvKKZkvTu+Hzuhg/A/jihBHmwD1I+3IZxc0dwkBLyQz4nGkBG6C4V70RVFCOX+daj3/OL+ktKc73poyOaSqADig0C4SNhf59GLQiz3ZpXXRGtB7k9XB82HQUODhLuFvav",
            "tags": null,
            "tags_all": {}
          },
          "sensitive_attributes": [],
          "private": "eyJzY2hlbWFfdmVyc2lvbiI6IjEifQ==",
          "dependencies": [
            "tls_private_key.generated"
          ]
        }
      ]
    },
    {
      "mode": "managed",
      "type": "aws_route_table",
      "name": "public_rt",
      "provider": "provider[\"registry.terraform.io/hashicorp/aws\"]",
      "instances": [
        {
          "schema_version": 0,
          "attributes": {
            "arn": "arn:aws:ec2:eu-central-1:471112875749:route-table/rtb-0b2490bb74ce3e2fd",
            "id": "rtb-0b2490bb74ce3e2fd",
            "owner_id": "471112875749",
            "propagating_vgws": [],
            "route": [
              {
                "carrier_gateway_id": "",
                "cidr_block": "0.0.0.0/0",
                "core_network_arn": "",
                "destination_prefix_list_id": "",
                "egress_only_gateway_id": "",
                "gateway_id": "igw-0d98105a40be52210",
                "ipv6_cidr_block": "",
                "local_gateway_id": "",
                "nat_gateway_id": "",
                "network_interface_id": "",
                "transit_gateway_id": "",
                "vpc_endpoint_id": "",
                "vpc_peering_connection_id": ""
              }
            ],
            "tags": {
              "Name": "Portfolio-Public-Route-Table"
            },
            "tags_all": {
              "Name": "Portfolio-Public-Route-Table"
            },
            "timeouts": null,
            "vpc_id": "vpc-03680ad928f32f936"
          },
          "sensitive_attributes": [],
          "private": "eyJlMmJmYjczMC1lY2FhLTExZTYtOGY4OC0zNDM2M2JjN2M0YzAiOnsiY3JlYXRlIjozMDAwMDAwMDAwMDAsImRlbGV0ZSI6MzAwMDAwMDAwMDAwLCJ1cGRhdGUiOjEyMDAwMDAwMDAwMH19",
          "dependencies": [
            "aws_internet_gateway.igw",
            "aws_vpc.portfolio_vpc"
          ]
        }
      ]
    },
    {
      "mode": "managed",
      "type": "aws_route_table_association",
      "name": "public_rt_assoc",
      "provider": "provider[\"registry.terraform.io/hashicorp/aws\"]",
      "instances": [
        {
          "schema_version": 0,
          "attributes": {
            "gateway_id": "",
            "id": "rtbassoc-0f72bb3996a9bb5ee",
            "route_table_id": "rtb-0b2490bb74ce3e2fd",
            "subnet_id": "subnet-0df5d7ecb980787c3",
            "timeouts": null
          },
          "sensitive_attributes": [],
          "private": "eyJlMmJmYjczMC1lY2FhLTExZTYtOGY4OC0zNDM2M2JjN2M0YzAiOnsiY3JlYXRlIjozMDAwMDAwMDAwMDAsImRlbGV0ZSI6MzAwMDAwMDAwMDAwLCJ1cGRhdGUiOjEyMDAwMDAwMDAwMH19",
          "dependencies": [
            "aws_internet_gateway.igw",
            "aws_route_table.public_rt",
            "aws_subnet.public_subnet",
            "aws_vpc.portfolio_vpc"
          ]
        }
      ]
    },
    {
      "mode": "managed",
      "type": "aws_security_group",
      "name": "portfolio_sg",
      "provider": "provider[\"registry.terraform.io/hashicorp/aws\"]",
      "instances": [
        {
          "schema_version": 1,
          "attributes": {
            "arn": "arn:aws:ec2:eu-central-1:471112875749:security-group/sg-029755200814b58d1",
            "description": "Managed by Terraform",
            "egress": [
              {
                "cidr_blocks": [
                  "0.0.0.0/0"
                ],
                "description": "",
                "from_port": 0,
                "ipv6_cidr_blocks": [],
                "prefix_list_ids": [],
                "protocol": "-1",
                "security_groups": [],
                "self": false,
                "to_port": 0
              }
            ],
            "id": "sg-029755200814b58d1",
            "ingress": [
              {
                "cidr_blocks": [
                  "0.0.0.0/0"
                ],
                "description": "",
                "from_port": 22,
                "ipv6_cidr_blocks": [],
                "prefix_list_ids": [],
                "protocol": "tcp",
                "security_groups": [],
                "self": false,
                "to_port": 22
              },
              {
                "cidr_blocks": [
                  "0.0.0.0/0"
                ],
                "description": "",
                "from_port": 443,
                "ipv6_cidr_blocks": [],
                "prefix_list_ids": [],
                "protocol": "tcp",
                "security_groups": [],
                "self": false,
                "to_port": 443
              },
              {
                "cidr_blocks": [
                  "0.0.0.0/0"
                ],
                "description": "",
                "from_port": 80,
                "ipv6_cidr_blocks": [],
                "prefix_list_ids": [],
                "protocol": "tcp",
                "security_groups": [],
                "self": false,
                "to_port": 80
              }
            ],
            "name": "terraform-20241214191521741400000001",
            "name_prefix": "terraform-",
            "owner_id": "471112875749",
            "revoke_rules_on_delete": false,
            "tags": {
              "Name": "Portfolio-SG"
            },
            "tags_all": {
              "Name": "Portfolio-SG"
            },
            "timeouts": null,
            "vpc_id": "vpc-03680ad928f32f936"
          },
          "sensitive_attributes": [],
          "private": "eyJlMmJmYjczMC1lY2FhLTExZTYtOGY4OC0zNDM2M2JjN2M0YzAiOnsiY3JlYXRlIjo2MDAwMDAwMDAwMDAsImRlbGV0ZSI6OTAwMDAwMDAwMDAwfSwic2NoZW1hX3ZlcnNpb24iOiIxIn0=",
          "dependencies": [
            "aws_vpc.portfolio_vpc"
          ]
        }
      ]
    },
    {
      "mode": "managed",
      "type": "aws_subnet",
      "name": "public_subnet",
      "provider": "provider[\"registry.terraform.io/hashicorp/aws\"]",
      "instances": [
        {
          "schema_version": 1,
          "attributes": {
            "arn": "arn:aws:ec2:eu-central-1:471112875749:subnet/subnet-0df5d7ecb980787c3",
            "assign_ipv6_address_on_creation": false,
            "availability_zone": "eu-central-1a",
            "availability_zone_id": "euc1-az2",
            "cidr_block": "10.0.1.0/24",
            "customer_owned_ipv4_pool": "",
            "enable_dns64": false,
            "enable_lni_at_device_index": 0,
            "enable_resource_name_dns_a_record_on_launch": false,
            "enable_resource_name_dns_aaaa_record_on_launch": false,
            "id": "subnet-0df5d7ecb980787c3",
            "ipv6_cidr_block": "",
            "ipv6_cidr_block_association_id": "",
            "ipv6_native": false,
            "map_customer_owned_ip_on_launch": false,
            "map_public_ip_on_launch": true,
            "outpost_arn": "",
            "owner_id": "471112875749",
            "private_dns_hostname_type_on_launch": "ip-name",
            "tags": {
              "Name": "Portfolio-Public-Subnet"
            },
            "tags_all": {
              "Name": "Portfolio-Public-Subnet"
            },
            "timeouts": null,
            "vpc_id": "vpc-03680ad928f32f936"
          },
          "sensitive_attributes": [],
          "private": "eyJlMmJmYjczMC1lY2FhLTExZTYtOGY4OC0zNDM2M2JjN2M0YzAiOnsiY3JlYXRlIjo2MDAwMDAwMDAwMDAsImRlbGV0ZSI6MTIwMDAwMDAwMDAwMH0sInNjaGVtYV92ZXJzaW9uIjoiMSJ9",
          "dependencies": [
            "aws_vpc.portfolio_vpc"
          ]
        }
      ]
    },
    {
      "mode": "managed",
      "type": "aws_vpc",
      "name": "portfolio_vpc",
      "provider": "provider[\"registry.terraform.io/hashicorp/aws\"]",
      "instances": [
        {
          "schema_version": 1,
          "attributes": {
            "arn": "arn:aws:ec2:eu-central-1:471112875749:vpc/vpc-03680ad928f32f936",
            "assign_generated_ipv6_cidr_block": false,
            "cidr_block": "10.0.0.0/16",
            "default_network_acl_id": "acl-0a63ad3281407be24",
            "default_route_table_id": "rtb-09256b49cbe4fe7bf",
            "default_security_group_id": "sg-030f070aed10f0b94",
            "dhcp_options_id": "dopt-00aa821e097346f68",
            "enable_dns_hostnames": true,
            "enable_dns_support": true,
            "enable_network_address_usage_metrics": false,
            "id": "vpc-03680ad928f32f936",
            "instance_tenancy": "default",
            "ipv4_ipam_pool_id": null,
            "ipv4_netmask_length": null,
            "ipv6_association_id": "",
            "ipv6_cidr_block": "",
            "ipv6_cidr_block_network_border_group": "",
            "ipv6_ipam_pool_id": "",
            "ipv6_netmask_length": 0,
            "main_route_table_id": "rtb-09256b49cbe4fe7bf",
            "owner_id": "471112875749",
            "tags": {
              "Name": "Portfolio-VPC"
            },
            "tags_all": {
              "Name": "Portfolio-VPC"
            }
          },
          "sensitive_attributes": [],
          "private": "eyJzY2hlbWFfdmVyc2lvbiI6IjEifQ=="
        }
      ]
    },
    {
      "mode": "managed",
      "type": "local_file",
      "name": "private_key_pem",
      "provider": "provider[\"registry.terraform.io/hashicorp/local\"]",
      "instances": [
        {
          "schema_version": 0,
          "attributes": {
            "content": "-----BEGIN RSA PRIVATE KEY-----\nMIIEpAIBAAKCAQEAwmaUU3IdplUyGbZ9d7qElwN4pmV5+EUB6fsll0G/PgmdBvL3\nJWaP674JAUDPLUbPQm0qErHIu74e+ljDZi8qKa5cozZhFsUbgbLGS6qZZu7L29pi\nxs2eVn3woW0mGfU73RuoJnRdbp9LkDSgQlkbcLbcEr8XkNHo2SWEk8LNWGFKQw8S\nT8kVMF90IoIOu7l2UUSmahSo9UVUcjtLfRJ9U7yimZL07vh87oYPwP44oQR5sA9S\nPtyGcXNHcJAS8kM+JxpARuguFe9EVRQjl/nWo9/zi/pLSnO96aMjmkqgA4oNAuEj\nYX+fRi0Is92aV10RrQe5PVwfNh0FDg4S7hb2rwIDAQABAoIBACWJx1SBsaX/x4fd\njEbFVnsOqYqAB9hgAumanHyjrnkdRBwmaIDpWBsue/CpAhh9FuJ9z+UCPX+7S6IN\n59VggCTCTZMamg7aiuA1lELiM3MD44uVlQNMiymqcf/J4tSaXS/p+kNKrwwAaIf1\nEYkeScUvGjnoenV1gyADNaGOuTY6ZK6nFkyqqFzSA1kcpOtsZbwvwW7QDT3OAbR7\nKvE2ymdUaCZSwB4G4C8l3onE/MPP2dU9Yy6gqluEAWUgkhoEE5qU6aOzzL0PXGct\nci1iOsra29juuMcrxt/GFhk4ghASOessTfXnJ18SxPNFIhHa2WOgaiDXu7oWwsm6\nFqaX7QkCgYEAzE98Lfda6T0ribLP7TOx6l0i3peqwkLkJtt4XG4kLX36HAn/wYBg\nhnwcs4Us3PKqEMUI33KQjV7M17fHNVfQXQ6nRbI6qzOdSr0HDwJMNtucxHe4TJA6\nCtUcGLaUBMIDBSho1TZyxpkHHfB5PNvIljcA/9jD9rJHZ4AikLqmF+sCgYEA85VF\nJvw6CmFSnsbX25PbbHcbF6eo35lpa9gqNyCJIiKIigaGQ/vk+IexCd4qmS6IawpQ\ns32WlBCj3n529AFfAG/4YrpvzayRv4Z+yAVQkQNmOhFaf5bfsvfIXXVukJAxXEL4\nIXUghhipylr3qsIkFYlzQjKSCZvBcxAyv4BxD00CgYEAx7y1RCLcR8U7eSTMzbKK\nLvraig5wK/ZFIg/RfVtYFvlfuGW2GTAuLYvMa1y43VCHHlniMMDJvMt/Ky1JnUa6\nNx+KPELfxFtzXIusCOpQJBlTC2eXT5J4i/qHu0lTL8uUNEirJDZUwv77zDM581tS\noDgpy/XYrqbf07mbES7IDf0CgYA7+Ry1pJSFycCV509ueNElu42oHVeu9g7Gxspe\nGFyrUuVbVo/oXTTbHE2yqEjEvnhIIpoMF3fjrNUsCucu3MePTAJUDKNKeJrKFUtR\n5D0Z90RMN8mYcIVTgz6KBEfcwCPnG3YMhtIjMh9b+1nPaU2JH/aI7fqW8wqGUg6s\np+suYQKBgQC+9mTKEuzM1CmuoxTtMgJn+EdrewrV30xSsl1bJiiFqMZnJivuB8Kv\n0CUH+sXs/KTxz7Vcx2OK9w8u8Yy4c3h4PfKmvEKpq7DjTFIgp0TTKZphrLMkhdbF\n5CN8cAxntW9iGX/uBH4ygvdjNbmve/Jlf3CQvNvEBABolVGMNtAdVQ==\n-----END RSA PRIVATE KEY-----\n",
            "content_base64": null,
            "content_base64sha256": "lA488NbW8nCY/WR6lupr4k3Saj61E95jZ9Uh81g+0f0=",
            "content_base64sha512": "g0Q6GdzxoEk0Y4d69vbcKhrVuSXozFz8tRUC/B8Y56w9T8JU/H6XYlIlOX4erkAYJOsm0pdPqdz9+dQddgxxZA==",
            "content_md5": "fa9c92b3fc3627bee8c29f2a6b21e003",
            "content_sha1": "a7cec455f98ee57d6846e407ca3c22c16a882fe8",
            "content_sha256": "940e3cf0d6d6f27098fd647a96ea6be24dd26a3eb513de6367d521f3583ed1fd",
            "content_sha512": "83443a19dcf1a0493463877af6f6dc2a1ad5b925e8cc5cfcb51502fc1f18e7ac3d4fc254fc7e97625225397e1eae401824eb26d2974fa9dcfdf9d41d760c7164",
            "directory_permission": "0777",
            "file_permission": "0777",
            "filename": "MyAWSKey.pem",
            "id": "a7cec455f98ee57d6846e407ca3c22c16a882fe8",
            "sensitive_content": null,
            "source": null
          },
          "sensitive_attributes": [
            [
              {
                "type": "get_attr",
                "value": "content"
              }
            ],
            [
              {
                "type": "get_attr",
                "value": "sensitive_content"
              }
            ]
          ],
          "dependencies": [
            "tls_private_key.generated"
          ]
        }
      ]
    },
    {
      "mode": "managed",
      "type": "tls_private_key",
      "name": "generated",
      "provider": "provider[\"registry.terraform.io/hashicorp/tls\"]",
      "instances": [
        {
          "schema_version": 1,
          "attributes": {
            "algorithm": "RSA",
            "ecdsa_curve": "P224",
            "id": "48a68e1468f743ea57cb220e0e289373462bc0a4",
            "private_key_openssh": "-----BEGIN OPENSSH PRIVATE KEY-----\nb3BlbnNzaC1rZXktdjEAAAAABG5vbmUAAAAEbm9uZQAAAAAAAAABAAABFwAAAAdz\nc2gtcnNhAAAAAwEAAQAAAQEAwmaUU3IdplUyGbZ9d7qElwN4pmV5+EUB6fsll0G/\nPgmdBvL3JWaP674JAUDPLUbPQm0qErHIu74e+ljDZi8qKa5cozZhFsUbgbLGS6qZ\nZu7L29pixs2eVn3woW0mGfU73RuoJnRdbp9LkDSgQlkbcLbcEr8XkNHo2SWEk8LN\nWGFKQw8ST8kVMF90IoIOu7l2UUSmahSo9UVUcjtLfRJ9U7yimZL07vh87oYPwP44\noQR5sA9SPtyGcXNHcJAS8kM+JxpARuguFe9EVRQjl/nWo9/zi/pLSnO96aMjmkqg\nA4oNAuEjYX+fRi0Is92aV10RrQe5PVwfNh0FDg4S7hb2rwAAA7h/QAW/f0AFvwAA\nAAdzc2gtcnNhAAABAQDCZpRTch2mVTIZtn13uoSXA3imZXn4RQHp+yWXQb8+CZ0G\n8vclZo/rvgkBQM8tRs9CbSoSsci7vh76WMNmLyoprlyjNmEWxRuBssZLqplm7svb\n2mLGzZ5WffChbSYZ9TvdG6gmdF1un0uQNKBCWRtwttwSvxeQ0ejZJYSTws1YYUpD\nDxJPyRUwX3Qigg67uXZRRKZqFKj1RVRyO0t9En1TvKKZkvTu+Hzuhg/A/jihBHmw\nD1I+3IZxc0dwkBLyQz4nGkBG6C4V70RVFCOX+daj3/OL+ktKc73poyOaSqADig0C\n4SNhf59GLQiz3ZpXXRGtB7k9XB82HQUODhLuFvavAAAAAwEAAQAAAQAlicdUgbGl\n/8eH3YxGxVZ7DqmKgAfYYALpmpx8o655HUQcJmiA6VgbLnvwqQIYfRbifc/lAj1/\nu0uiDefVYIAkwk2TGpoO2orgNZRC4jNzA+OLlZUDTIspqnH/yeLUml0v6fpDSq8M\nAGiH9RGJHknFLxo56Hp1dYMgAzWhjrk2OmSupxZMqqhc0gNZHKTrbGW8L8Fu0A09\nzgG0eyrxNspnVGgmUsAeBuAvJd6JxPzDz9nVPWMuoKpbhAFlIJIaBBOalOmjs8y9\nD1xnLXItYjrK2tvY7rjHK8bfxhYZOIIQEjnrLE315ydfEsTzRSIR2tljoGog17u6\nFsLJuhaml+0JAAAAgQC+9mTKEuzM1CmuoxTtMgJn+EdrewrV30xSsl1bJiiFqMZn\nJivuB8Kv0CUH+sXs/KTxz7Vcx2OK9w8u8Yy4c3h4PfKmvEKpq7DjTFIgp0TTKZph\nrLMkhdbF5CN8cAxntW9iGX/uBH4ygvdjNbmve/Jlf3CQvNvEBABolVGMNtAdVQAA\nAIEAzE98Lfda6T0ribLP7TOx6l0i3peqwkLkJtt4XG4kLX36HAn/wYBghnwcs4Us\n3PKqEMUI33KQjV7M17fHNVfQXQ6nRbI6qzOdSr0HDwJMNtucxHe4TJA6CtUcGLaU\nBMIDBSho1TZyxpkHHfB5PNvIljcA/9jD9rJHZ4AikLqmF+sAAACBAPOVRSb8Ogph\nUp7G19uT22x3GxenqN+ZaWvYKjcgiSIiiIoGhkP75PiHsQneKpkuiGsKULN9lpQQ\no95+dvQBXwBv+GK6b82skb+GfsgFUJEDZjoRWn+W37L3yF11bpCQMVxC+CF1IIYY\nqcpa96rCJBWJc0IykgmbwXMQMr+AcQ9NAAAAAAEC\n-----END OPENSSH PRIVATE KEY-----\n",
            "private_key_pem": "-----BEGIN RSA PRIVATE KEY-----\nMIIEpAIBAAKCAQEAwmaUU3IdplUyGbZ9d7qElwN4pmV5+EUB6fsll0G/PgmdBvL3\nJWaP674JAUDPLUbPQm0qErHIu74e+ljDZi8qKa5cozZhFsUbgbLGS6qZZu7L29pi\nxs2eVn3woW0mGfU73RuoJnRdbp9LkDSgQlkbcLbcEr8XkNHo2SWEk8LNWGFKQw8S\nT8kVMF90IoIOu7l2UUSmahSo9UVUcjtLfRJ9U7yimZL07vh87oYPwP44oQR5sA9S\nPtyGcXNHcJAS8kM+JxpARuguFe9EVRQjl/nWo9/zi/pLSnO96aMjmkqgA4oNAuEj\nYX+fRi0Is92aV10RrQe5PVwfNh0FDg4S7hb2rwIDAQABAoIBACWJx1SBsaX/x4fd\njEbFVnsOqYqAB9hgAumanHyjrnkdRBwmaIDpWBsue/CpAhh9FuJ9z+UCPX+7S6IN\n59VggCTCTZMamg7aiuA1lELiM3MD44uVlQNMiymqcf/J4tSaXS/p+kNKrwwAaIf1\nEYkeScUvGjnoenV1gyADNaGOuTY6ZK6nFkyqqFzSA1kcpOtsZbwvwW7QDT3OAbR7\nKvE2ymdUaCZSwB4G4C8l3onE/MPP2dU9Yy6gqluEAWUgkhoEE5qU6aOzzL0PXGct\nci1iOsra29juuMcrxt/GFhk4ghASOessTfXnJ18SxPNFIhHa2WOgaiDXu7oWwsm6\nFqaX7QkCgYEAzE98Lfda6T0ribLP7TOx6l0i3peqwkLkJtt4XG4kLX36HAn/wYBg\nhnwcs4Us3PKqEMUI33KQjV7M17fHNVfQXQ6nRbI6qzOdSr0HDwJMNtucxHe4TJA6\nCtUcGLaUBMIDBSho1TZyxpkHHfB5PNvIljcA/9jD9rJHZ4AikLqmF+sCgYEA85VF\nJvw6CmFSnsbX25PbbHcbF6eo35lpa9gqNyCJIiKIigaGQ/vk+IexCd4qmS6IawpQ\ns32WlBCj3n529AFfAG/4YrpvzayRv4Z+yAVQkQNmOhFaf5bfsvfIXXVukJAxXEL4\nIXUghhipylr3qsIkFYlzQjKSCZvBcxAyv4BxD00CgYEAx7y1RCLcR8U7eSTMzbKK\nLvraig5wK/ZFIg/RfVtYFvlfuGW2GTAuLYvMa1y43VCHHlniMMDJvMt/Ky1JnUa6\nNx+KPELfxFtzXIusCOpQJBlTC2eXT5J4i/qHu0lTL8uUNEirJDZUwv77zDM581tS\noDgpy/XYrqbf07mbES7IDf0CgYA7+Ry1pJSFycCV509ueNElu42oHVeu9g7Gxspe\nGFyrUuVbVo/oXTTbHE2yqEjEvnhIIpoMF3fjrNUsCucu3MePTAJUDKNKeJrKFUtR\n5D0Z90RMN8mYcIVTgz6KBEfcwCPnG3YMhtIjMh9b+1nPaU2JH/aI7fqW8wqGUg6s\np+suYQKBgQC+9mTKEuzM1CmuoxTtMgJn+EdrewrV30xSsl1bJiiFqMZnJivuB8Kv\n0CUH+sXs/KTxz7Vcx2OK9w8u8Yy4c3h4PfKmvEKpq7DjTFIgp0TTKZphrLMkhdbF\n5CN8cAxntW9iGX/uBH4ygvdjNbmve/Jlf3CQvNvEBABolVGMNtAdVQ==\n-----END RSA PRIVATE KEY-----\n",
            "private_key_pem_pkcs8": "-----BEGIN PRIVATE KEY-----\nMIIEvgIBADANBgkqhkiG9w0BAQEFAASCBKgwggSkAgEAAoIBAQDCZpRTch2mVTIZ\ntn13uoSXA3imZXn4RQHp+yWXQb8+CZ0G8vclZo/rvgkBQM8tRs9CbSoSsci7vh76\nWMNmLyoprlyjNmEWxRuBssZLqplm7svb2mLGzZ5WffChbSYZ9TvdG6gmdF1un0uQ\nNKBCWRtwttwSvxeQ0ejZJYSTws1YYUpDDxJPyRUwX3Qigg67uXZRRKZqFKj1RVRy\nO0t9En1TvKKZkvTu+Hzuhg/A/jihBHmwD1I+3IZxc0dwkBLyQz4nGkBG6C4V70RV\nFCOX+daj3/OL+ktKc73poyOaSqADig0C4SNhf59GLQiz3ZpXXRGtB7k9XB82HQUO\nDhLuFvavAgMBAAECggEAJYnHVIGxpf/Hh92MRsVWew6pioAH2GAC6ZqcfKOueR1E\nHCZogOlYGy578KkCGH0W4n3P5QI9f7tLog3n1WCAJMJNkxqaDtqK4DWUQuIzcwPj\ni5WVA0yLKapx/8ni1JpdL+n6Q0qvDABoh/URiR5JxS8aOeh6dXWDIAM1oY65Njpk\nrqcWTKqoXNIDWRyk62xlvC/BbtANPc4BtHsq8TbKZ1RoJlLAHgbgLyXeicT8w8/Z\n1T1jLqCqW4QBZSCSGgQTmpTpo7PMvQ9cZy1yLWI6ytrb2O64xyvG38YWGTiCEBI5\n6yxN9ecnXxLE80UiEdrZY6BqINe7uhbCyboWppftCQKBgQDMT3wt91rpPSuJss/t\nM7HqXSLel6rCQuQm23hcbiQtffocCf/BgGCGfByzhSzc8qoQxQjfcpCNXszXt8c1\nV9BdDqdFsjqrM51KvQcPAkw225zEd7hMkDoK1RwYtpQEwgMFKGjVNnLGmQcd8Hk8\n28iWNwD/2MP2skdngCKQuqYX6wKBgQDzlUUm/DoKYVKextfbk9tsdxsXp6jfmWlr\n2Co3IIkiIoiKBoZD++T4h7EJ3iqZLohrClCzfZaUEKPefnb0AV8Ab/hium/NrJG/\nhn7IBVCRA2Y6EVp/lt+y98hddW6QkDFcQvghdSCGGKnKWveqwiQViXNCMpIJm8Fz\nEDK/gHEPTQKBgQDHvLVEItxHxTt5JMzNsoou+tqKDnAr9kUiD9F9W1gW+V+4ZbYZ\nMC4ti8xrXLjdUIceWeIwwMm8y38rLUmdRro3H4o8Qt/EW3Nci6wI6lAkGVMLZ5dP\nkniL+oe7SVMvy5Q0SKskNlTC/vvMMznzW1KgOCnL9diupt/TuZsRLsgN/QKBgDv5\nHLWklIXJwJXnT2540SW7jagdV672DsbGyl4YXKtS5VtWj+hdNNscTbKoSMS+eEgi\nmgwXd+Os1SwK5y7cx49MAlQMo0p4msoVS1HkPRn3REw3yZhwhVODPooER9zAI+cb\ndgyG0iMyH1v7Wc9pTYkf9ojt+pbzCoZSDqyn6y5hAoGBAL72ZMoS7MzUKa6jFO0y\nAmf4R2t7CtXfTFKyXVsmKIWoxmcmK+4Hwq/QJQf6xez8pPHPtVzHY4r3Dy7xjLhz\neHg98qa8QqmrsONMUiCnRNMpmmGssySF1sXkI3xwDGe1b2IZf+4EfjKC92M1ua97\n8mV/cJC828QEAGiVUYw20B1V\n-----END PRIVATE KEY-----\n",
            "public_key_fingerprint_md5": "11:01:10:e7:ff:ee:e2:36:db:25:ed:63:59:dc:4c:1e",
            "public_key_fingerprint_sha256": "SHA256:eJWiw/s7bjmTATfcw7SV1MNB1vaVESz3HcP5gDS6WxE",
            "public_key_openssh": "ssh-rsa AAAAB3NzaC1yc2EAAAADAQABAAABAQDCZpRTch2mVTIZtn13uoSXA3imZXn4RQHp+yWXQb8+CZ0G8vclZo/rvgkBQM8tRs9CbSoSsci7vh76WMNmLyoprlyjNmEWxRuBssZLqplm7svb2mLGzZ5WffChbSYZ9TvdG6gmdF1un0uQNKBCWRtwttwSvxeQ0ejZJYSTws1YYUpDDxJPyRUwX3Qigg67uXZRRKZqFKj1RVRyO0t9En1TvKKZkvTu+Hzuhg/A/jihBHmwD1I+3IZxc0dwkBLyQz4nGkBG6C4V70RVFCOX+daj3/OL+ktKc73poyOaSqADig0C4SNhf59GLQiz3ZpXXRGtB7k9XB82HQUODhLuFvav\n",
            "public_key_pem": "-----BEGIN PUBLIC KEY-----\nMIIBIjANBgkqhkiG9w0BAQEFAAOCAQ8AMIIBCgKCAQEAwmaUU3IdplUyGbZ9d7qE\nlwN4pmV5+EUB6fsll0G/PgmdBvL3JWaP674JAUDPLUbPQm0qErHIu74e+ljDZi8q\nKa5cozZhFsUbgbLGS6qZZu7L29pixs2eVn3woW0mGfU73RuoJnRdbp9LkDSgQlkb\ncLbcEr8XkNHo2SWEk8LNWGFKQw8ST8kVMF90IoIOu7l2UUSmahSo9UVUcjtLfRJ9\nU7yimZL07vh87oYPwP44oQR5sA9SPtyGcXNHcJAS8kM+JxpARuguFe9EVRQjl/nW\no9/zi/pLSnO96aMjmkqgA4oNAuEjYX+fRi0Is92aV10RrQe5PVwfNh0FDg4S7hb2\nrwIDAQAB\n-----END PUBLIC KEY-----\n",
            "rsa_bits": 2048
          },
          "sensitive_attributes": [
            [
              {
                "type": "get_attr",
                "value": "private_key_pem_pkcs8"
              }
            ],
            [
              {
                "type": "get_attr",
                "value": "private_key_openssh"
              }
            ],
            [
              {
                "type": "get_attr",
                "value": "private_key_pem"
              }
            ]
          ]
        }
      ]
    }
  ],
  "check_results": null
}
