{
  "version": 4,
  "terraform_version": "1.9.3",
  "serial": 31,
  "lineage": "d48b99e8-0c3c-bb10-6766-302fb0dd58f6",
  "outputs": {
    "ec2_public_ip": {
      "value": "3.70.53.131",
      "type": "string"
    },
    "public_subnet_id": {
      "value": "subnet-0412af66ebcd9c421",
      "type": "string"
    },
    "security_group_id": {
      "value": "sg-0eac1d057b562d75c",
      "type": "string"
    },
    "vpc_id": {
      "value": "vpc-0c1ece9e15a4a8253",
      "type": "string"
    }
  },
  "resources": [
    {
      "mode": "managed",
      "type": "aws_instance",
      "name": "portfolio_ec2",
      "provider": "provider[\"registry.terraform.io/hashicorp/aws\"]",
      "instances": [
        {
          "schema_version": 1,
          "attributes": {
            "ami": "ami-0b5673b5f6e8f7fa7",
            "arn": "arn:aws:ec2:eu-central-1:471112875749:instance/i-0315a32a35009eba3",
            "associate_public_ip_address": true,
            "availability_zone": "eu-central-1a",
            "capacity_reservation_specification": [
              {
                "capacity_reservation_preference": "open",
                "capacity_reservation_target": []
              }
            ],
            "cpu_core_count": 1,
            "cpu_options": [
              {
                "amd_sev_snp": "",
                "core_count": 1,
                "threads_per_core": 1
              }
            ],
            "cpu_threads_per_core": 1,
            "credit_specification": [
              {
                "cpu_credits": "standard"
              }
            ],
            "disable_api_stop": false,
            "disable_api_termination": false,
            "ebs_block_device": [],
            "ebs_optimized": false,
            "enclave_options": [
              {
                "enabled": false
              }
            ],
            "ephemeral_block_device": [],
            "get_password_data": false,
            "hibernation": false,
            "host_id": "",
            "host_resource_group_arn": null,
            "iam_instance_profile": "",
            "id": "i-0315a32a35009eba3",
            "instance_initiated_shutdown_behavior": "stop",
            "instance_lifecycle": "",
            "instance_market_options": [],
            "instance_state": "running",
            "instance_type": "t2.micro",
            "ipv6_address_count": 0,
            "ipv6_addresses": [],
            "key_name": "MyAWSKey",
            "launch_template": [],
            "maintenance_options": [
              {
                "auto_recovery": "default"
              }
            ],
            "metadata_options": [
              {
                "http_endpoint": "enabled",
                "http_protocol_ipv6": "disabled",
                "http_put_response_hop_limit": 2,
                "http_tokens": "required",
                "instance_metadata_tags": "disabled"
              }
            ],
            "monitoring": false,
            "network_interface": [],
            "outpost_arn": "",
            "password_data": "",
            "placement_group": "",
            "placement_partition_number": 0,
            "primary_network_interface_id": "eni-02009435fbf4d5ae4",
            "private_dns": "ip-10-0-1-108.eu-central-1.compute.internal",
            "private_dns_name_options": [
              {
                "enable_resource_name_dns_a_record": false,
                "enable_resource_name_dns_aaaa_record": false,
                "hostname_type": "ip-name"
              }
            ],
            "private_ip": "10.0.1.108",
            "public_dns": "ec2-3-70-53-131.eu-central-1.compute.amazonaws.com",
            "public_ip": "3.70.53.131",
            "root_block_device": [
              {
                "delete_on_termination": true,
                "device_name": "/dev/xvda",
                "encrypted": false,
                "iops": 3000,
                "kms_key_id": "",
                "tags": {},
                "tags_all": {},
                "throughput": 125,
                "volume_id": "vol-08fdb38effe787b15",
                "volume_size": 8,
                "volume_type": "gp3"
              }
            ],
            "secondary_private_ips": [],
            "security_groups": [],
            "source_dest_check": true,
            "spot_instance_request_id": "",
            "subnet_id": "subnet-0412af66ebcd9c421",
            "tags": {
              "Name": "Portfolio-EC2"
            },
            "tags_all": {
              "Name": "Portfolio-EC2"
            },
            "tenancy": "default",
            "timeouts": null,
            "user_data": "71f7be21d4b940cf6273d333d4bda1de295b1d52",
            "user_data_base64": null,
            "user_data_replace_on_change": false,
            "volume_tags": null,
            "vpc_security_group_ids": [
              "sg-0eac1d057b562d75c"
            ]
          },
          "sensitive_attributes": [],
          "private": "eyJlMmJmYjczMC1lY2FhLTExZTYtOGY4OC0zNDM2M2JjN2M0YzAiOnsiY3JlYXRlIjo2MDAwMDAwMDAwMDAsImRlbGV0ZSI6MTIwMDAwMDAwMDAwMCwicmVhZCI6OTAwMDAwMDAwMDAwLCJ1cGRhdGUiOjYwMDAwMDAwMDAwMH0sInNjaGVtYV92ZXJzaW9uIjoiMSJ9",
          "dependencies": [
            "aws_key_pair.generated",
            "aws_security_group.portfolio_sg",
            "aws_subnet.public_subnet",
            "aws_vpc.portfolio_vpc",
            "tls_private_key.generated"
          ]
        }
      ]
    },
    {
      "mode": "managed",
      "type": "aws_internet_gateway",
      "name": "igw",
      "provider": "provider[\"registry.terraform.io/hashicorp/aws\"]",
      "instances": [
        {
          "schema_version": 0,
          "attributes": {
            "arn": "arn:aws:ec2:eu-central-1:471112875749:internet-gateway/igw-0523a64ceb5f8f51d",
            "id": "igw-0523a64ceb5f8f51d",
            "owner_id": "471112875749",
            "tags": {
              "Name": "Portfolio-IGW"
            },
            "tags_all": {
              "Name": "Portfolio-IGW"
            },
            "timeouts": null,
            "vpc_id": "vpc-0c1ece9e15a4a8253"
          },
          "sensitive_attributes": [],
          "private": "eyJlMmJmYjczMC1lY2FhLTExZTYtOGY4OC0zNDM2M2JjN2M0YzAiOnsiY3JlYXRlIjoxMjAwMDAwMDAwMDAwLCJkZWxldGUiOjEyMDAwMDAwMDAwMDAsInVwZGF0ZSI6MTIwMDAwMDAwMDAwMH19",
          "dependencies": [
            "aws_vpc.portfolio_vpc"
          ]
        }
      ]
    },
    {
      "mode": "managed",
      "type": "aws_key_pair",
      "name": "generated",
      "provider": "provider[\"registry.terraform.io/hashicorp/aws\"]",
      "instances": [
        {
          "schema_version": 1,
          "attributes": {
            "arn": "arn:aws:ec2:eu-central-1:471112875749:key-pair/MyAWSKey",
            "fingerprint": "c0:12:83:0f:4a:4d:a7:a1:8b:2d:7a:d8:7a:07:f7:c2",
            "id": "MyAWSKey",
            "key_name": "MyAWSKey",
            "key_name_prefix": "",
            "key_pair_id": "key-0c8cc1d900e6d2240",
            "key_type": "rsa",
            "public_key": "ssh-rsa AAAAB3NzaC1yc2EAAAADAQABAAABAQDVmSTuiD4MgGzlv8zNtfAq+nni5vEZCUaukxTantjAI7n+62zUilcxpmRmO4AvItM6Y3cvXF41a5NmoBbF/48RfzPkJi7CE8/o7mSoVsdHaJNslvdsGdQvgR+KugZLOJY5dKP4NDKmS4P2SrGDw7oaEv5sw3yRNpiFcrIbt+qaiyK8+gJWxsqmdgFU9JTGd4D0BnQ+OEaDX7e9EljKkhY0zO5q7amxUNNtfThSsnnOATjfrDgJeni5N4ydiP3Onh9Ko4yOB2P+G3a3nce+2DEGZPmONkQVRjKpKE8M6BZ09pMNL1qyKPTx9B4SsUuBlhsobI9UbWgY42S8l2SqF3kf",
            "tags": null,
            "tags_all": {}
          },
          "sensitive_attributes": [],
          "private": "eyJzY2hlbWFfdmVyc2lvbiI6IjEifQ==",
          "dependencies": [
            "tls_private_key.generated"
          ]
        }
      ]
    },
    {
      "mode": "managed",
      "type": "aws_route_table",
      "name": "public_rt",
      "provider": "provider[\"registry.terraform.io/hashicorp/aws\"]",
      "instances": [
        {
          "schema_version": 0,
          "attributes": {
            "arn": "arn:aws:ec2:eu-central-1:471112875749:route-table/rtb-0e8c611afbb70d429",
            "id": "rtb-0e8c611afbb70d429",
            "owner_id": "471112875749",
            "propagating_vgws": [],
            "route": [
              {
                "carrier_gateway_id": "",
                "cidr_block": "0.0.0.0/0",
                "core_network_arn": "",
                "destination_prefix_list_id": "",
                "egress_only_gateway_id": "",
                "gateway_id": "igw-0523a64ceb5f8f51d",
                "ipv6_cidr_block": "",
                "local_gateway_id": "",
                "nat_gateway_id": "",
                "network_interface_id": "",
                "transit_gateway_id": "",
                "vpc_endpoint_id": "",
                "vpc_peering_connection_id": ""
              }
            ],
            "tags": {
              "Name": "Portfolio-Public-Route-Table"
            },
            "tags_all": {
              "Name": "Portfolio-Public-Route-Table"
            },
            "timeouts": null,
            "vpc_id": "vpc-0c1ece9e15a4a8253"
          },
          "sensitive_attributes": [],
          "private": "eyJlMmJmYjczMC1lY2FhLTExZTYtOGY4OC0zNDM2M2JjN2M0YzAiOnsiY3JlYXRlIjozMDAwMDAwMDAwMDAsImRlbGV0ZSI6MzAwMDAwMDAwMDAwLCJ1cGRhdGUiOjEyMDAwMDAwMDAwMH19",
          "dependencies": [
            "aws_internet_gateway.igw",
            "aws_vpc.portfolio_vpc"
          ]
        }
      ]
    },
    {
      "mode": "managed",
      "type": "aws_route_table_association",
      "name": "public_rt_assoc",
      "provider": "provider[\"registry.terraform.io/hashicorp/aws\"]",
      "instances": [
        {
          "schema_version": 0,
          "attributes": {
            "gateway_id": "",
            "id": "rtbassoc-07f7f2ca478fd955d",
            "route_table_id": "rtb-0e8c611afbb70d429",
            "subnet_id": "subnet-0412af66ebcd9c421",
            "timeouts": null
          },
          "sensitive_attributes": [],
          "private": "eyJlMmJmYjczMC1lY2FhLTExZTYtOGY4OC0zNDM2M2JjN2M0YzAiOnsiY3JlYXRlIjozMDAwMDAwMDAwMDAsImRlbGV0ZSI6MzAwMDAwMDAwMDAwLCJ1cGRhdGUiOjEyMDAwMDAwMDAwMH19",
          "dependencies": [
            "aws_internet_gateway.igw",
            "aws_route_table.public_rt",
            "aws_subnet.public_subnet",
            "aws_vpc.portfolio_vpc"
          ]
        }
      ]
    },
    {
      "mode": "managed",
      "type": "aws_security_group",
      "name": "portfolio_sg",
      "provider": "provider[\"registry.terraform.io/hashicorp/aws\"]",
      "instances": [
        {
          "schema_version": 1,
          "attributes": {
            "arn": "arn:aws:ec2:eu-central-1:471112875749:security-group/sg-0eac1d057b562d75c",
            "description": "Managed by Terraform",
            "egress": [
              {
                "cidr_blocks": [
                  "0.0.0.0/0"
                ],
                "description": "",
                "from_port": 0,
                "ipv6_cidr_blocks": [],
                "prefix_list_ids": [],
                "protocol": "-1",
                "security_groups": [],
                "self": false,
                "to_port": 0
              }
            ],
            "id": "sg-0eac1d057b562d75c",
            "ingress": [
              {
                "cidr_blocks": [
                  "0.0.0.0/0"
                ],
                "description": "",
                "from_port": 22,
                "ipv6_cidr_blocks": [],
                "prefix_list_ids": [],
                "protocol": "tcp",
                "security_groups": [],
                "self": false,
                "to_port": 22
              },
              {
                "cidr_blocks": [
                  "0.0.0.0/0"
                ],
                "description": "",
                "from_port": 443,
                "ipv6_cidr_blocks": [],
                "prefix_list_ids": [],
                "protocol": "tcp",
                "security_groups": [],
                "self": false,
                "to_port": 443
              },
              {
                "cidr_blocks": [
                  "0.0.0.0/0"
                ],
                "description": "",
                "from_port": 80,
                "ipv6_cidr_blocks": [],
                "prefix_list_ids": [],
                "protocol": "tcp",
                "security_groups": [],
                "self": false,
                "to_port": 80
              }
            ],
            "name": "terraform-20241214030918485700000001",
            "name_prefix": "terraform-",
            "owner_id": "471112875749",
            "revoke_rules_on_delete": false,
            "tags": {
              "Name": "Portfolio-SG"
            },
            "tags_all": {
              "Name": "Portfolio-SG"
            },
            "timeouts": null,
            "vpc_id": "vpc-0c1ece9e15a4a8253"
          },
          "sensitive_attributes": [],
          "private": "eyJlMmJmYjczMC1lY2FhLTExZTYtOGY4OC0zNDM2M2JjN2M0YzAiOnsiY3JlYXRlIjo2MDAwMDAwMDAwMDAsImRlbGV0ZSI6OTAwMDAwMDAwMDAwfSwic2NoZW1hX3ZlcnNpb24iOiIxIn0=",
          "dependencies": [
            "aws_vpc.portfolio_vpc"
          ]
        }
      ]
    },
    {
      "mode": "managed",
      "type": "aws_subnet",
      "name": "public_subnet",
      "provider": "provider[\"registry.terraform.io/hashicorp/aws\"]",
      "instances": [
        {
          "schema_version": 1,
          "attributes": {
            "arn": "arn:aws:ec2:eu-central-1:471112875749:subnet/subnet-0412af66ebcd9c421",
            "assign_ipv6_address_on_creation": false,
            "availability_zone": "eu-central-1a",
            "availability_zone_id": "euc1-az2",
            "cidr_block": "10.0.1.0/24",
            "customer_owned_ipv4_pool": "",
            "enable_dns64": false,
            "enable_lni_at_device_index": 0,
            "enable_resource_name_dns_a_record_on_launch": false,
            "enable_resource_name_dns_aaaa_record_on_launch": false,
            "id": "subnet-0412af66ebcd9c421",
            "ipv6_cidr_block": "",
            "ipv6_cidr_block_association_id": "",
            "ipv6_native": false,
            "map_customer_owned_ip_on_launch": false,
            "map_public_ip_on_launch": true,
            "outpost_arn": "",
            "owner_id": "471112875749",
            "private_dns_hostname_type_on_launch": "ip-name",
            "tags": {
              "Name": "Portfolio-Public-Subnet"
            },
            "tags_all": {
              "Name": "Portfolio-Public-Subnet"
            },
            "timeouts": null,
            "vpc_id": "vpc-0c1ece9e15a4a8253"
          },
          "sensitive_attributes": [],
          "private": "eyJlMmJmYjczMC1lY2FhLTExZTYtOGY4OC0zNDM2M2JjN2M0YzAiOnsiY3JlYXRlIjo2MDAwMDAwMDAwMDAsImRlbGV0ZSI6MTIwMDAwMDAwMDAwMH0sInNjaGVtYV92ZXJzaW9uIjoiMSJ9",
          "dependencies": [
            "aws_vpc.portfolio_vpc"
          ]
        }
      ]
    },
    {
      "mode": "managed",
      "type": "aws_vpc",
      "name": "portfolio_vpc",
      "provider": "provider[\"registry.terraform.io/hashicorp/aws\"]",
      "instances": [
        {
          "schema_version": 1,
          "attributes": {
            "arn": "arn:aws:ec2:eu-central-1:471112875749:vpc/vpc-0c1ece9e15a4a8253",
            "assign_generated_ipv6_cidr_block": false,
            "cidr_block": "10.0.0.0/16",
            "default_network_acl_id": "acl-0c2e132e9faadcf16",
            "default_route_table_id": "rtb-02efc1f7083e1db2d",
            "default_security_group_id": "sg-0f2cc3eddf7e920fb",
            "dhcp_options_id": "dopt-00aa821e097346f68",
            "enable_dns_hostnames": true,
            "enable_dns_support": true,
            "enable_network_address_usage_metrics": false,
            "id": "vpc-0c1ece9e15a4a8253",
            "instance_tenancy": "default",
            "ipv4_ipam_pool_id": null,
            "ipv4_netmask_length": null,
            "ipv6_association_id": "",
            "ipv6_cidr_block": "",
            "ipv6_cidr_block_network_border_group": "",
            "ipv6_ipam_pool_id": "",
            "ipv6_netmask_length": 0,
            "main_route_table_id": "rtb-02efc1f7083e1db2d",
            "owner_id": "471112875749",
            "tags": {
              "Name": "Portfolio-VPC"
            },
            "tags_all": {
              "Name": "Portfolio-VPC"
            }
          },
          "sensitive_attributes": [],
          "private": "eyJzY2hlbWFfdmVyc2lvbiI6IjEifQ=="
        }
      ]
    },
    {
      "mode": "managed",
      "type": "local_file",
      "name": "private_key_pem",
      "provider": "provider[\"registry.terraform.io/hashicorp/local\"]",
      "instances": [
        {
          "schema_version": 0,
          "attributes": {
            "content": "-----BEGIN RSA PRIVATE KEY-----\nMIIEpAIBAAKCAQEA1Zkk7og+DIBs5b/MzbXwKvp54ubxGQlGrpMU2p7YwCO5/uts\n1IpXMaZkZjuALyLTOmN3L1xeNWuTZqAWxf+PEX8z5CYuwhPP6O5kqFbHR2iTbJb3\nbBnUL4EfiroGSziWOXSj+DQypkuD9kqxg8O6GhL+bMN8kTaYhXKyG7fqmosivPoC\nVsbKpnYBVPSUxneA9AZ0PjhGg1+3vRJYypIWNMzuau2psVDTbX04UrJ5zgE436w4\nCXp4uTeMnYj9zp4fSqOMjgdj/ht2t53HvtgxBmT5jjZEFUYyqShPDOgWdPaTDS9a\nsij08fQeErFLgZYbKGyPVG1oGONkvJdkqhd5HwIDAQABAoIBAQCx50jsZ4uOrBSH\nUzXIjGXJ1i9YvlNHMAOv+Y8f+7e6aMdMvFc7uzGeh+ENiTddixr1gczOJJfO1JfD\nnUj6hr1prFHTD75YJVpAvvYVg5mdL0vC4QaZAfZJzrkvuXrugeYVWsILQ6Z//Vue\n8l1hys6hUvqYKkYBSMDGPV59WbTMG9sbMYiKQsWWY5+QT6Jt6M45xDvKp1pFs0jc\n5p3TsxxD5S4PpF5ONI00DBy7sHnd7+ucurTlcXO+4T297lmp7d5ImW43X2Q6A506\nGhZEjC9Zjwu00IVhqi6vc2NKIuOvpzElPcB33j2kGNIrNgBI5oQNxwp+run3vz3L\nLU93cIYBAoGBAOO6/EonRGYX4lSBmglN8MAdQ9rfAQWILx6m5+REUD4rroOiEyPP\nhWEAEJgQalFk9Ah9cR6HfXXEUhvVV3Cjvxwr4cP/ILEKWNrvWqfcOT3SFprF88QU\nYZtD/5R2CEg/DDGKn8mOY5ktKJ0xDS5vMWed+vxEycg4UjE5LOzlgHUBAoGBAPAd\nDb8IqnWpDiOMAAfCx+7u/t3oDaeLjE1j4813sMjP4+Hc4d4e01L7ur9MPgeY/2l+\nouO93iVuRsb2ogIwelF9zfMyAAf/XldgUVe64FQCq7QPWngm08C9Fx6P7ER6knIS\npAabByV+yAznZkZDlRLR8ig2LdpBIJMbNbP8404fAoGBAMRAefb1jA5netbUsYhf\nMKB/F+Dg2aKI0AKcV67x6C0Lu+MYo2HzDsCfK63AR79JPryqTfe/T7FTtGbkHeym\nUKXYc0FS9jtb7WMPbpLGSFYsXOqYuRA7eDo0CWdJqK2KF9oB2t355X812ZBNm0xu\n6qafEJKiPTpcvwhIe5zT0zYBAoGABnaBvDabf/dA7iwChDL19rRwH8DzPSNAb4TU\nyN8D3yPZWmb7nWLvBTjJWgTPVp0Dou9Jqx+dLxy8wvY4fh6X7EGanYUnAxAYlfl9\ntwLMrvYzcPFI2hsRcAqm6KevEFjMQE3IJHVfx96Vu+MumY2QIaWNAxASQ+Gk4tDE\nrUeNRrkCgYAxBasQYnqeeGNAJFdT+r/8QSux513Jd7kFmACJRncq1LiHVdITl2ZT\nH3g1yCk7nGe80Ismcl/jiCXnklU3Qo7+dysAnYnyorllBCcgE0HOn039MYF0rjTv\n6UbPUhiocaVDLZeL8x63HguU9zZ4XEGYbsnqs4YMbubJIfOWF4q2vw==\n-----END RSA PRIVATE KEY-----\n",
            "content_base64": null,
            "content_base64sha256": "n4sapqXZfIFfxBcNbTbrLgwSLWUbkjn1qdnAggNo9SM=",
            "content_base64sha512": "j3ae9dqsyjV76cs6PGdfuLi8q714lCt4gke+Lp60wlYKTtuMCrSERFiEkJlqa8TBq1JJ5NlYXE8fAHWqAze6Ig==",
            "content_md5": "f528fd1a9203469c1e62d9373f910e65",
            "content_sha1": "1f4fe5c83c572b4c4fd3cc071ff3f3d875b56373",
            "content_sha256": "9f8b1aa6a5d97c815fc4170d6d36eb2e0c122d651b9239f5a9d9c0820368f523",
            "content_sha512": "8f769ef5daacca357be9cb3a3c675fb8b8bcabbd78942b788247be2e9eb4c2560a4edb8c0ab48444588490996a6bc4c1ab5249e4d9585c4f1f0075aa0337ba22",
            "directory_permission": "0777",
            "file_permission": "0777",
            "filename": "MyAWSKey.pem",
            "id": "1f4fe5c83c572b4c4fd3cc071ff3f3d875b56373",
            "sensitive_content": null,
            "source": null
          },
          "sensitive_attributes": [
            [
              {
                "type": "get_attr",
                "value": "sensitive_content"
              }
            ],
            [
              {
                "type": "get_attr",
                "value": "content"
              }
            ]
          ],
          "dependencies": [
            "tls_private_key.generated"
          ]
        }
      ]
    },
    {
      "mode": "managed",
      "type": "tls_private_key",
      "name": "generated",
      "provider": "provider[\"registry.terraform.io/hashicorp/tls\"]",
      "instances": [
        {
          "schema_version": 1,
          "attributes": {
            "algorithm": "RSA",
            "ecdsa_curve": "P224",
            "id": "04fffc269f6c395527a54389a7fc373e83fb1b78",
            "private_key_openssh": "-----BEGIN OPENSSH PRIVATE KEY-----\nb3BlbnNzaC1rZXktdjEAAAAABG5vbmUAAAAEbm9uZQAAAAAAAAABAAABFwAAAAdz\nc2gtcnNhAAAAAwEAAQAAAQEA1Zkk7og+DIBs5b/MzbXwKvp54ubxGQlGrpMU2p7Y\nwCO5/uts1IpXMaZkZjuALyLTOmN3L1xeNWuTZqAWxf+PEX8z5CYuwhPP6O5kqFbH\nR2iTbJb3bBnUL4EfiroGSziWOXSj+DQypkuD9kqxg8O6GhL+bMN8kTaYhXKyG7fq\nmosivPoCVsbKpnYBVPSUxneA9AZ0PjhGg1+3vRJYypIWNMzuau2psVDTbX04UrJ5\nzgE436w4CXp4uTeMnYj9zp4fSqOMjgdj/ht2t53HvtgxBmT5jjZEFUYyqShPDOgW\ndPaTDS9asij08fQeErFLgZYbKGyPVG1oGONkvJdkqhd5HwAAA7jOA1/3zgNf9wAA\nAAdzc2gtcnNhAAABAQDVmSTuiD4MgGzlv8zNtfAq+nni5vEZCUaukxTantjAI7n+\n62zUilcxpmRmO4AvItM6Y3cvXF41a5NmoBbF/48RfzPkJi7CE8/o7mSoVsdHaJNs\nlvdsGdQvgR+KugZLOJY5dKP4NDKmS4P2SrGDw7oaEv5sw3yRNpiFcrIbt+qaiyK8\n+gJWxsqmdgFU9JTGd4D0BnQ+OEaDX7e9EljKkhY0zO5q7amxUNNtfThSsnnOATjf\nrDgJeni5N4ydiP3Onh9Ko4yOB2P+G3a3nce+2DEGZPmONkQVRjKpKE8M6BZ09pMN\nL1qyKPTx9B4SsUuBlhsobI9UbWgY42S8l2SqF3kfAAAAAwEAAQAAAQEAsedI7GeL\njqwUh1M1yIxlydYvWL5TRzADr/mPH/u3umjHTLxXO7sxnofhDYk3XYsa9YHMziSX\nztSXw51I+oa9aaxR0w++WCVaQL72FYOZnS9LwuEGmQH2Sc65L7l67oHmFVrCC0Om\nf/1bnvJdYcrOoVL6mCpGAUjAxj1efVm0zBvbGzGIikLFlmOfkE+ibejOOcQ7yqda\nRbNI3Oad07McQ+UuD6ReTjSNNAwcu7B53e/rnLq05XFzvuE9ve5Zqe3eSJluN19k\nOgOdOhoWRIwvWY8LtNCFYaour3NjSiLjr6cxJT3Ad949pBjSKzYASOaEDccKfq7p\n9789yy1Pd3CGAQAAAIAxBasQYnqeeGNAJFdT+r/8QSux513Jd7kFmACJRncq1LiH\nVdITl2ZTH3g1yCk7nGe80Ismcl/jiCXnklU3Qo7+dysAnYnyorllBCcgE0HOn039\nMYF0rjTv6UbPUhiocaVDLZeL8x63HguU9zZ4XEGYbsnqs4YMbubJIfOWF4q2vwAA\nAIEA47r8SidEZhfiVIGaCU3wwB1D2t8BBYgvHqbn5ERQPiuug6ITI8+FYQAQmBBq\nUWT0CH1xHod9dcRSG9VXcKO/HCvhw/8gsQpY2u9ap9w5PdIWmsXzxBRhm0P/lHYI\nSD8MMYqfyY5jmS0onTENLm8xZ536/ETJyDhSMTks7OWAdQEAAACBAPAdDb8IqnWp\nDiOMAAfCx+7u/t3oDaeLjE1j4813sMjP4+Hc4d4e01L7ur9MPgeY/2l+ouO93iVu\nRsb2ogIwelF9zfMyAAf/XldgUVe64FQCq7QPWngm08C9Fx6P7ER6knISpAabByV+\nyAznZkZDlRLR8ig2LdpBIJMbNbP8404fAAAAAAEC\n-----END OPENSSH PRIVATE KEY-----\n",
            "private_key_pem": "-----BEGIN RSA PRIVATE KEY-----\nMIIEpAIBAAKCAQEA1Zkk7og+DIBs5b/MzbXwKvp54ubxGQlGrpMU2p7YwCO5/uts\n1IpXMaZkZjuALyLTOmN3L1xeNWuTZqAWxf+PEX8z5CYuwhPP6O5kqFbHR2iTbJb3\nbBnUL4EfiroGSziWOXSj+DQypkuD9kqxg8O6GhL+bMN8kTaYhXKyG7fqmosivPoC\nVsbKpnYBVPSUxneA9AZ0PjhGg1+3vRJYypIWNMzuau2psVDTbX04UrJ5zgE436w4\nCXp4uTeMnYj9zp4fSqOMjgdj/ht2t53HvtgxBmT5jjZEFUYyqShPDOgWdPaTDS9a\nsij08fQeErFLgZYbKGyPVG1oGONkvJdkqhd5HwIDAQABAoIBAQCx50jsZ4uOrBSH\nUzXIjGXJ1i9YvlNHMAOv+Y8f+7e6aMdMvFc7uzGeh+ENiTddixr1gczOJJfO1JfD\nnUj6hr1prFHTD75YJVpAvvYVg5mdL0vC4QaZAfZJzrkvuXrugeYVWsILQ6Z//Vue\n8l1hys6hUvqYKkYBSMDGPV59WbTMG9sbMYiKQsWWY5+QT6Jt6M45xDvKp1pFs0jc\n5p3TsxxD5S4PpF5ONI00DBy7sHnd7+ucurTlcXO+4T297lmp7d5ImW43X2Q6A506\nGhZEjC9Zjwu00IVhqi6vc2NKIuOvpzElPcB33j2kGNIrNgBI5oQNxwp+run3vz3L\nLU93cIYBAoGBAOO6/EonRGYX4lSBmglN8MAdQ9rfAQWILx6m5+REUD4rroOiEyPP\nhWEAEJgQalFk9Ah9cR6HfXXEUhvVV3Cjvxwr4cP/ILEKWNrvWqfcOT3SFprF88QU\nYZtD/5R2CEg/DDGKn8mOY5ktKJ0xDS5vMWed+vxEycg4UjE5LOzlgHUBAoGBAPAd\nDb8IqnWpDiOMAAfCx+7u/t3oDaeLjE1j4813sMjP4+Hc4d4e01L7ur9MPgeY/2l+\nouO93iVuRsb2ogIwelF9zfMyAAf/XldgUVe64FQCq7QPWngm08C9Fx6P7ER6knIS\npAabByV+yAznZkZDlRLR8ig2LdpBIJMbNbP8404fAoGBAMRAefb1jA5netbUsYhf\nMKB/F+Dg2aKI0AKcV67x6C0Lu+MYo2HzDsCfK63AR79JPryqTfe/T7FTtGbkHeym\nUKXYc0FS9jtb7WMPbpLGSFYsXOqYuRA7eDo0CWdJqK2KF9oB2t355X812ZBNm0xu\n6qafEJKiPTpcvwhIe5zT0zYBAoGABnaBvDabf/dA7iwChDL19rRwH8DzPSNAb4TU\nyN8D3yPZWmb7nWLvBTjJWgTPVp0Dou9Jqx+dLxy8wvY4fh6X7EGanYUnAxAYlfl9\ntwLMrvYzcPFI2hsRcAqm6KevEFjMQE3IJHVfx96Vu+MumY2QIaWNAxASQ+Gk4tDE\nrUeNRrkCgYAxBasQYnqeeGNAJFdT+r/8QSux513Jd7kFmACJRncq1LiHVdITl2ZT\nH3g1yCk7nGe80Ismcl/jiCXnklU3Qo7+dysAnYnyorllBCcgE0HOn039MYF0rjTv\n6UbPUhiocaVDLZeL8x63HguU9zZ4XEGYbsnqs4YMbubJIfOWF4q2vw==\n-----END RSA PRIVATE KEY-----\n",
            "private_key_pem_pkcs8": "-----BEGIN PRIVATE KEY-----\nMIIEvgIBADANBgkqhkiG9w0BAQEFAASCBKgwggSkAgEAAoIBAQDVmSTuiD4MgGzl\nv8zNtfAq+nni5vEZCUaukxTantjAI7n+62zUilcxpmRmO4AvItM6Y3cvXF41a5Nm\noBbF/48RfzPkJi7CE8/o7mSoVsdHaJNslvdsGdQvgR+KugZLOJY5dKP4NDKmS4P2\nSrGDw7oaEv5sw3yRNpiFcrIbt+qaiyK8+gJWxsqmdgFU9JTGd4D0BnQ+OEaDX7e9\nEljKkhY0zO5q7amxUNNtfThSsnnOATjfrDgJeni5N4ydiP3Onh9Ko4yOB2P+G3a3\nnce+2DEGZPmONkQVRjKpKE8M6BZ09pMNL1qyKPTx9B4SsUuBlhsobI9UbWgY42S8\nl2SqF3kfAgMBAAECggEBALHnSOxni46sFIdTNciMZcnWL1i+U0cwA6/5jx/7t7po\nx0y8Vzu7MZ6H4Q2JN12LGvWBzM4kl87Ul8OdSPqGvWmsUdMPvlglWkC+9hWDmZ0v\nS8LhBpkB9knOuS+5eu6B5hVawgtDpn/9W57yXWHKzqFS+pgqRgFIwMY9Xn1ZtMwb\n2xsxiIpCxZZjn5BPom3ozjnEO8qnWkWzSNzmndOzHEPlLg+kXk40jTQMHLuwed3v\n65y6tOVxc77hPb3uWant3kiZbjdfZDoDnToaFkSML1mPC7TQhWGqLq9zY0oi46+n\nMSU9wHfePaQY0is2AEjmhA3HCn6u6fe/PcstT3dwhgECgYEA47r8SidEZhfiVIGa\nCU3wwB1D2t8BBYgvHqbn5ERQPiuug6ITI8+FYQAQmBBqUWT0CH1xHod9dcRSG9VX\ncKO/HCvhw/8gsQpY2u9ap9w5PdIWmsXzxBRhm0P/lHYISD8MMYqfyY5jmS0onTEN\nLm8xZ536/ETJyDhSMTks7OWAdQECgYEA8B0NvwiqdakOI4wAB8LH7u7+3egNp4uM\nTWPjzXewyM/j4dzh3h7TUvu6v0w+B5j/aX6i473eJW5GxvaiAjB6UX3N8zIAB/9e\nV2BRV7rgVAKrtA9aeCbTwL0XHo/sRHqSchKkBpsHJX7IDOdmRkOVEtHyKDYt2kEg\nkxs1s/zjTh8CgYEAxEB59vWMDmd61tSxiF8woH8X4ODZoojQApxXrvHoLQu74xij\nYfMOwJ8rrcBHv0k+vKpN979PsVO0ZuQd7KZQpdhzQVL2O1vtYw9uksZIVixc6pi5\nEDt4OjQJZ0morYoX2gHa3fnlfzXZkE2bTG7qpp8QkqI9Oly/CEh7nNPTNgECgYAG\ndoG8Npt/90DuLAKEMvX2tHAfwPM9I0BvhNTI3wPfI9laZvudYu8FOMlaBM9WnQOi\n70mrH50vHLzC9jh+HpfsQZqdhScDEBiV+X23Asyu9jNw8UjaGxFwCqbop68QWMxA\nTcgkdV/H3pW74y6ZjZAhpY0DEBJD4aTi0MStR41GuQKBgDEFqxBiep54Y0AkV1P6\nv/xBK7HnXcl3uQWYAIlGdyrUuIdV0hOXZlMfeDXIKTucZ7zQiyZyX+OIJeeSVTdC\njv53KwCdifKiuWUEJyATQc6fTf0xgXSuNO/pRs9SGKhxpUMtl4vzHrceC5T3Nnhc\nQZhuyeqzhgxu5skh85YXira/\n-----END PRIVATE KEY-----\n",
            "public_key_fingerprint_md5": "21:02:76:3f:84:68:2e:fb:08:3b:80:7d:9d:4e:b4:76",
            "public_key_fingerprint_sha256": "SHA256:o0gfHD+YKgAT6nZrx56bMYjVscSROjLv+s40r/1M7e0",
            "public_key_openssh": "ssh-rsa AAAAB3NzaC1yc2EAAAADAQABAAABAQDVmSTuiD4MgGzlv8zNtfAq+nni5vEZCUaukxTantjAI7n+62zUilcxpmRmO4AvItM6Y3cvXF41a5NmoBbF/48RfzPkJi7CE8/o7mSoVsdHaJNslvdsGdQvgR+KugZLOJY5dKP4NDKmS4P2SrGDw7oaEv5sw3yRNpiFcrIbt+qaiyK8+gJWxsqmdgFU9JTGd4D0BnQ+OEaDX7e9EljKkhY0zO5q7amxUNNtfThSsnnOATjfrDgJeni5N4ydiP3Onh9Ko4yOB2P+G3a3nce+2DEGZPmONkQVRjKpKE8M6BZ09pMNL1qyKPTx9B4SsUuBlhsobI9UbWgY42S8l2SqF3kf\n",
            "public_key_pem": "-----BEGIN PUBLIC KEY-----\nMIIBIjANBgkqhkiG9w0BAQEFAAOCAQ8AMIIBCgKCAQEA1Zkk7og+DIBs5b/MzbXw\nKvp54ubxGQlGrpMU2p7YwCO5/uts1IpXMaZkZjuALyLTOmN3L1xeNWuTZqAWxf+P\nEX8z5CYuwhPP6O5kqFbHR2iTbJb3bBnUL4EfiroGSziWOXSj+DQypkuD9kqxg8O6\nGhL+bMN8kTaYhXKyG7fqmosivPoCVsbKpnYBVPSUxneA9AZ0PjhGg1+3vRJYypIW\nNMzuau2psVDTbX04UrJ5zgE436w4CXp4uTeMnYj9zp4fSqOMjgdj/ht2t53Hvtgx\nBmT5jjZEFUYyqShPDOgWdPaTDS9asij08fQeErFLgZYbKGyPVG1oGONkvJdkqhd5\nHwIDAQAB\n-----END PUBLIC KEY-----\n",
            "rsa_bits": 2048
          },
          "sensitive_attributes": [
            [
              {
                "type": "get_attr",
                "value": "private_key_pem"
              }
            ],
            [
              {
                "type": "get_attr",
                "value": "private_key_pem_pkcs8"
              }
            ],
            [
              {
                "type": "get_attr",
                "value": "private_key_openssh"
              }
            ]
          ]
        }
      ]
    }
  ],
  "check_results": null
}
