{
  "version": 4,
  "terraform_version": "1.9.3",
  "serial": 74,
  "lineage": "d48b99e8-0c3c-bb10-6766-302fb0dd58f6",
  "outputs": {
    "ec2_public_ip": {
      "value": "35.159.162.114",
      "type": "string"
    },
    "public_subnet_id": {
      "value": "subnet-0d01154fe7d2dbd41",
      "type": "string"
    },
    "security_group_id": {
      "value": "sg-0369bac3b696f5ff7",
      "type": "string"
    },
    "vpc_id": {
      "value": "vpc-0b1fae1f4fb43a5a2",
      "type": "string"
    }
  },
  "resources": [
    {
      "mode": "managed",
      "type": "aws_instance",
      "name": "portfolio_ec2",
      "provider": "provider[\"registry.terraform.io/hashicorp/aws\"]",
      "instances": [
        {
          "schema_version": 1,
          "attributes": {
            "ami": "ami-0b5673b5f6e8f7fa7",
            "arn": "arn:aws:ec2:eu-central-1:471112875749:instance/i-02ca676da6a7a5583",
            "associate_public_ip_address": true,
            "availability_zone": "eu-central-1a",
            "capacity_reservation_specification": [
              {
                "capacity_reservation_preference": "open",
                "capacity_reservation_target": []
              }
            ],
            "cpu_core_count": 1,
            "cpu_options": [
              {
                "amd_sev_snp": "",
                "core_count": 1,
                "threads_per_core": 1
              }
            ],
            "cpu_threads_per_core": 1,
            "credit_specification": [
              {
                "cpu_credits": "standard"
              }
            ],
            "disable_api_stop": false,
            "disable_api_termination": false,
            "ebs_block_device": [],
            "ebs_optimized": false,
            "enclave_options": [
              {
                "enabled": false
              }
            ],
            "ephemeral_block_device": [],
            "get_password_data": false,
            "hibernation": false,
            "host_id": "",
            "host_resource_group_arn": null,
            "iam_instance_profile": "",
            "id": "i-02ca676da6a7a5583",
            "instance_initiated_shutdown_behavior": "stop",
            "instance_lifecycle": "",
            "instance_market_options": [],
            "instance_state": "running",
            "instance_type": "t2.micro",
            "ipv6_address_count": 0,
            "ipv6_addresses": [],
            "key_name": "Portfolio_Key",
            "launch_template": [],
            "maintenance_options": [
              {
                "auto_recovery": "default"
              }
            ],
            "metadata_options": [
              {
                "http_endpoint": "enabled",
                "http_protocol_ipv6": "disabled",
                "http_put_response_hop_limit": 2,
                "http_tokens": "required",
                "instance_metadata_tags": "disabled"
              }
            ],
            "monitoring": false,
            "network_interface": [],
            "outpost_arn": "",
            "password_data": "",
            "placement_group": "",
            "placement_partition_number": 0,
            "primary_network_interface_id": "eni-09d16696aa4e1b768",
            "private_dns": "ip-10-0-1-102.eu-central-1.compute.internal",
            "private_dns_name_options": [
              {
                "enable_resource_name_dns_a_record": false,
                "enable_resource_name_dns_aaaa_record": false,
                "hostname_type": "ip-name"
              }
            ],
            "private_ip": "10.0.1.102",
            "public_dns": "ec2-35-159-162-114.eu-central-1.compute.amazonaws.com",
            "public_ip": "35.159.162.114",
            "root_block_device": [
              {
                "delete_on_termination": true,
                "device_name": "/dev/xvda",
                "encrypted": false,
                "iops": 3000,
                "kms_key_id": "",
                "tags": {},
                "tags_all": {},
                "throughput": 125,
                "volume_id": "vol-0906c6fe110b09793",
                "volume_size": 8,
                "volume_type": "gp3"
              }
            ],
            "secondary_private_ips": [],
            "security_groups": [],
            "source_dest_check": true,
            "spot_instance_request_id": "",
            "subnet_id": "subnet-0d01154fe7d2dbd41",
            "tags": {
              "Name": "Portfolio-EC2"
            },
            "tags_all": {
              "Name": "Portfolio-EC2"
            },
            "tenancy": "default",
            "timeouts": null,
            "user_data": "71f7be21d4b940cf6273d333d4bda1de295b1d52",
            "user_data_base64": null,
            "user_data_replace_on_change": false,
            "volume_tags": null,
            "vpc_security_group_ids": [
              "sg-0369bac3b696f5ff7"
            ]
          },
          "sensitive_attributes": [],
          "private": "eyJlMmJmYjczMC1lY2FhLTExZTYtOGY4OC0zNDM2M2JjN2M0YzAiOnsiY3JlYXRlIjo2MDAwMDAwMDAwMDAsImRlbGV0ZSI6MTIwMDAwMDAwMDAwMCwicmVhZCI6OTAwMDAwMDAwMDAwLCJ1cGRhdGUiOjYwMDAwMDAwMDAwMH0sInNjaGVtYV92ZXJzaW9uIjoiMSJ9",
          "dependencies": [
            "aws_security_group.portfolio_sg",
            "aws_subnet.public_subnet",
            "aws_vpc.portfolio_vpc"
          ]
        }
      ]
    },
    {
      "mode": "managed",
      "type": "aws_internet_gateway",
      "name": "igw",
      "provider": "provider[\"registry.terraform.io/hashicorp/aws\"]",
      "instances": [
        {
          "schema_version": 0,
          "attributes": {
            "arn": "arn:aws:ec2:eu-central-1:471112875749:internet-gateway/igw-05e48cd4ac4626995",
            "id": "igw-05e48cd4ac4626995",
            "owner_id": "471112875749",
            "tags": {
              "Name": "Portfolio-IGW"
            },
            "tags_all": {
              "Name": "Portfolio-IGW"
            },
            "timeouts": null,
            "vpc_id": "vpc-0b1fae1f4fb43a5a2"
          },
          "sensitive_attributes": [],
          "private": "eyJlMmJmYjczMC1lY2FhLTExZTYtOGY4OC0zNDM2M2JjN2M0YzAiOnsiY3JlYXRlIjoxMjAwMDAwMDAwMDAwLCJkZWxldGUiOjEyMDAwMDAwMDAwMDAsInVwZGF0ZSI6MTIwMDAwMDAwMDAwMH19",
          "dependencies": [
            "aws_vpc.portfolio_vpc"
          ]
        }
      ]
    },
    {
      "mode": "managed",
      "type": "aws_key_pair",
      "name": "generated",
      "provider": "provider[\"registry.terraform.io/hashicorp/aws\"]",
      "instances": [
        {
          "schema_version": 1,
          "attributes": {
            "arn": "arn:aws:ec2:eu-central-1:471112875749:key-pair/MyAWSKey",
            "fingerprint": "ec:8f:20:82:eb:3f:eb:79:6e:da:67:ad:3c:e2:7c:9b",
            "id": "MyAWSKey",
            "key_name": "MyAWSKey",
            "key_name_prefix": "",
            "key_pair_id": "key-02c2317e1e8b1241e",
            "key_type": "rsa",
            "public_key": "ssh-rsa AAAAB3NzaC1yc2EAAAADAQABAAABAQCtZUfKdlESOwj6TSho4hgwWNFgnh0rSGsYhebrjv5K/TQCYsqrpYlTzk9IerbqXzWykt8aKixWqcF8FMzrBQ0CDqsD0c5o2ysriranozWPIoO9T4b/NcpPgKzjY2hc1KF6jc7ozMdmdNTYiKT2LyLu8bIp1852BxhOpN+ewd1/2HFyZlhmqvZ5/doPPQCFoUEnjzKmz/oAy9MTk/XQYuYJG9PVoUp5Ol5MhNUbdcJKLTYqkeZIuLOwkXcg4GUW5lMRl9MgEEnfVHEU08v7hmNJPSr4Er94sXwy3/j7xRkr2MBjoofdbxa81k1gx5mOnBnTa6F+A/+0ly9mMRP1bvCd",
            "tags": null,
            "tags_all": {}
          },
          "sensitive_attributes": [],
          "private": "eyJzY2hlbWFfdmVyc2lvbiI6IjEifQ==",
          "dependencies": [
            "tls_private_key.generated"
          ]
        }
      ]
    },
    {
      "mode": "managed",
      "type": "aws_route_table",
      "name": "public_rt",
      "provider": "provider[\"registry.terraform.io/hashicorp/aws\"]",
      "instances": [
        {
          "schema_version": 0,
          "attributes": {
            "arn": "arn:aws:ec2:eu-central-1:471112875749:route-table/rtb-06a036b34ca3f9a4e",
            "id": "rtb-06a036b34ca3f9a4e",
            "owner_id": "471112875749",
            "propagating_vgws": [],
            "route": [
              {
                "carrier_gateway_id": "",
                "cidr_block": "0.0.0.0/0",
                "core_network_arn": "",
                "destination_prefix_list_id": "",
                "egress_only_gateway_id": "",
                "gateway_id": "igw-05e48cd4ac4626995",
                "ipv6_cidr_block": "",
                "local_gateway_id": "",
                "nat_gateway_id": "",
                "network_interface_id": "",
                "transit_gateway_id": "",
                "vpc_endpoint_id": "",
                "vpc_peering_connection_id": ""
              }
            ],
            "tags": {
              "Name": "Portfolio-Public-Route-Table"
            },
            "tags_all": {
              "Name": "Portfolio-Public-Route-Table"
            },
            "timeouts": null,
            "vpc_id": "vpc-0b1fae1f4fb43a5a2"
          },
          "sensitive_attributes": [],
          "private": "eyJlMmJmYjczMC1lY2FhLTExZTYtOGY4OC0zNDM2M2JjN2M0YzAiOnsiY3JlYXRlIjozMDAwMDAwMDAwMDAsImRlbGV0ZSI6MzAwMDAwMDAwMDAwLCJ1cGRhdGUiOjEyMDAwMDAwMDAwMH19",
          "dependencies": [
            "aws_internet_gateway.igw",
            "aws_vpc.portfolio_vpc"
          ]
        }
      ]
    },
    {
      "mode": "managed",
      "type": "aws_route_table_association",
      "name": "public_rt_assoc",
      "provider": "provider[\"registry.terraform.io/hashicorp/aws\"]",
      "instances": [
        {
          "schema_version": 0,
          "attributes": {
            "gateway_id": "",
            "id": "rtbassoc-0fc072aa89501e31e",
            "route_table_id": "rtb-06a036b34ca3f9a4e",
            "subnet_id": "subnet-0d01154fe7d2dbd41",
            "timeouts": null
          },
          "sensitive_attributes": [],
          "private": "eyJlMmJmYjczMC1lY2FhLTExZTYtOGY4OC0zNDM2M2JjN2M0YzAiOnsiY3JlYXRlIjozMDAwMDAwMDAwMDAsImRlbGV0ZSI6MzAwMDAwMDAwMDAwLCJ1cGRhdGUiOjEyMDAwMDAwMDAwMH19",
          "dependencies": [
            "aws_internet_gateway.igw",
            "aws_route_table.public_rt",
            "aws_subnet.public_subnet",
            "aws_vpc.portfolio_vpc"
          ]
        }
      ]
    },
    {
      "mode": "managed",
      "type": "aws_security_group",
      "name": "portfolio_sg",
      "provider": "provider[\"registry.terraform.io/hashicorp/aws\"]",
      "instances": [
        {
          "schema_version": 1,
          "attributes": {
            "arn": "arn:aws:ec2:eu-central-1:471112875749:security-group/sg-0369bac3b696f5ff7",
            "description": "Managed by Terraform",
            "egress": [
              {
                "cidr_blocks": [
                  "0.0.0.0/0"
                ],
                "description": "",
                "from_port": 0,
                "ipv6_cidr_blocks": [],
                "prefix_list_ids": [],
                "protocol": "-1",
                "security_groups": [],
                "self": false,
                "to_port": 0
              }
            ],
            "id": "sg-0369bac3b696f5ff7",
            "ingress": [
              {
                "cidr_blocks": [
                  "0.0.0.0/0"
                ],
                "description": "",
                "from_port": 22,
                "ipv6_cidr_blocks": [],
                "prefix_list_ids": [],
                "protocol": "tcp",
                "security_groups": [],
                "self": false,
                "to_port": 22
              },
              {
                "cidr_blocks": [
                  "0.0.0.0/0"
                ],
                "description": "",
                "from_port": 443,
                "ipv6_cidr_blocks": [],
                "prefix_list_ids": [],
                "protocol": "tcp",
                "security_groups": [],
                "self": false,
                "to_port": 443
              },
              {
                "cidr_blocks": [
                  "0.0.0.0/0"
                ],
                "description": "",
                "from_port": 80,
                "ipv6_cidr_blocks": [],
                "prefix_list_ids": [],
                "protocol": "tcp",
                "security_groups": [],
                "self": false,
                "to_port": 80
              }
            ],
            "name": "terraform-20241214045203445000000001",
            "name_prefix": "terraform-",
            "owner_id": "471112875749",
            "revoke_rules_on_delete": false,
            "tags": {
              "Name": "Portfolio-SG"
            },
            "tags_all": {
              "Name": "Portfolio-SG"
            },
            "timeouts": null,
            "vpc_id": "vpc-0b1fae1f4fb43a5a2"
          },
          "sensitive_attributes": [],
          "private": "eyJlMmJmYjczMC1lY2FhLTExZTYtOGY4OC0zNDM2M2JjN2M0YzAiOnsiY3JlYXRlIjo2MDAwMDAwMDAwMDAsImRlbGV0ZSI6OTAwMDAwMDAwMDAwfSwic2NoZW1hX3ZlcnNpb24iOiIxIn0=",
          "dependencies": [
            "aws_vpc.portfolio_vpc"
          ]
        }
      ]
    },
    {
      "mode": "managed",
      "type": "aws_subnet",
      "name": "public_subnet",
      "provider": "provider[\"registry.terraform.io/hashicorp/aws\"]",
      "instances": [
        {
          "schema_version": 1,
          "attributes": {
            "arn": "arn:aws:ec2:eu-central-1:471112875749:subnet/subnet-0d01154fe7d2dbd41",
            "assign_ipv6_address_on_creation": false,
            "availability_zone": "eu-central-1a",
            "availability_zone_id": "euc1-az2",
            "cidr_block": "10.0.1.0/24",
            "customer_owned_ipv4_pool": "",
            "enable_dns64": false,
            "enable_lni_at_device_index": 0,
            "enable_resource_name_dns_a_record_on_launch": false,
            "enable_resource_name_dns_aaaa_record_on_launch": false,
            "id": "subnet-0d01154fe7d2dbd41",
            "ipv6_cidr_block": "",
            "ipv6_cidr_block_association_id": "",
            "ipv6_native": false,
            "map_customer_owned_ip_on_launch": false,
            "map_public_ip_on_launch": true,
            "outpost_arn": "",
            "owner_id": "471112875749",
            "private_dns_hostname_type_on_launch": "ip-name",
            "tags": {
              "Name": "Portfolio-Public-Subnet"
            },
            "tags_all": {
              "Name": "Portfolio-Public-Subnet"
            },
            "timeouts": null,
            "vpc_id": "vpc-0b1fae1f4fb43a5a2"
          },
          "sensitive_attributes": [],
          "private": "eyJlMmJmYjczMC1lY2FhLTExZTYtOGY4OC0zNDM2M2JjN2M0YzAiOnsiY3JlYXRlIjo2MDAwMDAwMDAwMDAsImRlbGV0ZSI6MTIwMDAwMDAwMDAwMH0sInNjaGVtYV92ZXJzaW9uIjoiMSJ9",
          "dependencies": [
            "aws_vpc.portfolio_vpc"
          ]
        }
      ]
    },
    {
      "mode": "managed",
      "type": "aws_vpc",
      "name": "portfolio_vpc",
      "provider": "provider[\"registry.terraform.io/hashicorp/aws\"]",
      "instances": [
        {
          "schema_version": 1,
          "attributes": {
            "arn": "arn:aws:ec2:eu-central-1:471112875749:vpc/vpc-0b1fae1f4fb43a5a2",
            "assign_generated_ipv6_cidr_block": false,
            "cidr_block": "10.0.0.0/16",
            "default_network_acl_id": "acl-0f512036e1c98a0e6",
            "default_route_table_id": "rtb-0f2a4ecac4eb9362f",
            "default_security_group_id": "sg-030c7d1211fcfad4b",
            "dhcp_options_id": "dopt-00aa821e097346f68",
            "enable_dns_hostnames": true,
            "enable_dns_support": true,
            "enable_network_address_usage_metrics": false,
            "id": "vpc-0b1fae1f4fb43a5a2",
            "instance_tenancy": "default",
            "ipv4_ipam_pool_id": null,
            "ipv4_netmask_length": null,
            "ipv6_association_id": "",
            "ipv6_cidr_block": "",
            "ipv6_cidr_block_network_border_group": "",
            "ipv6_ipam_pool_id": "",
            "ipv6_netmask_length": 0,
            "main_route_table_id": "rtb-0f2a4ecac4eb9362f",
            "owner_id": "471112875749",
            "tags": {
              "Name": "Portfolio-VPC"
            },
            "tags_all": {
              "Name": "Portfolio-VPC"
            }
          },
          "sensitive_attributes": [],
          "private": "eyJzY2hlbWFfdmVyc2lvbiI6IjEifQ=="
        }
      ]
    },
    {
      "mode": "managed",
      "type": "local_file",
      "name": "private_key_pem",
      "provider": "provider[\"registry.terraform.io/hashicorp/local\"]",
      "instances": [
        {
          "schema_version": 0,
          "attributes": {
            "content": "-----BEGIN RSA PRIVATE KEY-----\nMIIEowIBAAKCAQEArWVHynZREjsI+k0oaOIYMFjRYJ4dK0hrGIXm647+Sv00AmLK\nq6WJU85PSHq26l81spLfGiosVqnBfBTM6wUNAg6rA9HOaNsrK4q2p6M1jyKDvU+G\n/zXKT4Cs42NoXNSheo3O6MzHZnTU2Iik9i8i7vGyKdfOdgcYTqTfnsHdf9hxcmZY\nZqr2ef3aDz0AhaFBJ48yps/6AMvTE5P10GLmCRvT1aFKeTpeTITVG3XCSi02KpHm\nSLizsJF3IOBlFuZTEZfTIBBJ31RxFNPL+4ZjST0q+BK/eLF8Mt/4+8UZK9jAY6KH\n3W8WvNZNYMeZjpwZ02uhfgP/tJcvZjET9W7wnQIDAQABAoIBAQCGf2AvcJU0EezF\n0qG8sVvX7J0EV8ECeNrxm7PiFfm0CzGThDP27qFWC1q+Osm1hIKvcHNz5TCdTHHT\noILO7g0IAn6uqMh110NmM+O4psV9sGUFrDFntr6l6oawnsQt9ZUH7gWH2If3Njp/\nd4aVmzx6oan0APyZ2qkFH6iBiZkZd3AB9+Lsg5WWXLC5GEoIj9ilPXg72X2gcayn\nJYKDHlaHYiHeZG3ttmPiWHAKBA8GnzDyqJtr+N51e02udmepdLEKUyb2jEf8r+lS\n+UrKodAiYqETHYXnwTD1gcUv9Xp4HasS9YQ5ri74PQ3xHI22rPRG7s/xiqugfcYx\nN/S+vlW1AoGBAMVQyXKrbrqSYAitLtuGEQy1rk3nBEI090Tr6xsPGhyDiHRYqkpD\n87Ag/kNlrtxur6GRiPA5V0agW+1xTJKTzkJK+Vowga/L7oYwLGn2vwvgl+yXiVRs\nofNSmCilDw5L3T6JSO/dl9ZiAfFGCCHSBL3Hv1pY2s13f0sbRI91Xt6TAoGBAOD3\nRs8okTG1EyTVghxP5tD3GP24euEYkNonEIUujIwI6zARRUb4zGFovEPaTo9Olb/6\nUNP+jJOUxn7TGF8ioSpZG3y4ICq6JbmRLkFr8jVMs9SRryWiyivvXpPfv+0BBv+K\ncokfUXRNky3hDdzKe2ATK8RzodxQt1mhEoIzSkIPAoGAY5JRFjzMs/oJ3FcIvl75\nW6CTRVy/GWoBHhavnggQ9TKrOYtE5BVGdCsyJHC7vSFeH/qBUDifglSKD1iNe6p6\n+5k6G/k+eKhAxhapUw/heOztvcb61k+7qj6T6m7hGiXOkDBXTjRU2yq6MDdXAzoo\nilyyg7UzNVyIMC6ieoKQTWECgYAdExhNsbqCKBrfSdDVA+aa3zSVpgALk3c1GpNi\nAxAbERQEVFcVwxX3COg8BLzefJOSCjHkFCPq9vFodrPRp9IYfQe2aL2PiBtUDlVi\nEydsiAs9z85JGO70Gq2oguR1JwrWf/gpjKikVVpONaXrAShM1G11qFQk+zGXHeAc\nf7B7NQKBgFN0VluxMpvIs5lcrRdKboGN0vnQ/TuYuL6jwxl7AYdsUR9dzM361WyF\n4P8IDfLml7t9mqh39sdrgx/AvkNEOo+01ftaMymhZbtuukPHjf9yjvFfj6h9vI+v\noBJ4Mh51w82rMHRabwACLkZmDD9CeV51Y/DQpmnM0HpNG8fo9e4D\n-----END RSA PRIVATE KEY-----\n",
            "content_base64": null,
            "content_base64sha256": "rHD68HyV8l3TAFY18wVJJmTOobJhgzgWnHMc3icpvPs=",
            "content_base64sha512": "s7fz7b1qEFLOz4ndh+TfORYmU+9yfCz4VI4NrahRitPs+zlYfgVJgWpSMPPuhDpsoj9rVu3nzvnKkn4VHGmNow==",
            "content_md5": "09c4279f6f4cf6eae86229b1e3018708",
            "content_sha1": "c40b5673f65b0fde58cc58ca063936d3fcfc8823",
            "content_sha256": "ac70faf07c95f25dd3005635f305492664cea1b2618338169c731cde2729bcfb",
            "content_sha512": "b3b7f3edbd6a1052cecf89dd87e4df39162653ef727c2cf8548e0dada8518ad3ecfb39587e0549816a5230f3ee843a6ca23f6b56ede7cef9ca927e151c698da3",
            "directory_permission": "0777",
            "file_permission": "0777",
            "filename": "MyAWSKey.pem",
            "id": "c40b5673f65b0fde58cc58ca063936d3fcfc8823",
            "sensitive_content": null,
            "source": null
          },
          "sensitive_attributes": [
            [
              {
                "type": "get_attr",
                "value": "content"
              }
            ],
            [
              {
                "type": "get_attr",
                "value": "sensitive_content"
              }
            ]
          ],
          "dependencies": [
            "tls_private_key.generated"
          ]
        }
      ]
    },
    {
      "mode": "managed",
      "type": "tls_private_key",
      "name": "generated",
      "provider": "provider[\"registry.terraform.io/hashicorp/tls\"]",
      "instances": [
        {
          "schema_version": 1,
          "attributes": {
            "algorithm": "RSA",
            "ecdsa_curve": "P224",
            "id": "342057776c59277f8bbf729cb131325d5d4c180f",
            "private_key_openssh": "-----BEGIN OPENSSH PRIVATE KEY-----\nb3BlbnNzaC1rZXktdjEAAAAABG5vbmUAAAAEbm9uZQAAAAAAAAABAAABFwAAAAdz\nc2gtcnNhAAAAAwEAAQAAAQEArWVHynZREjsI+k0oaOIYMFjRYJ4dK0hrGIXm647+\nSv00AmLKq6WJU85PSHq26l81spLfGiosVqnBfBTM6wUNAg6rA9HOaNsrK4q2p6M1\njyKDvU+G/zXKT4Cs42NoXNSheo3O6MzHZnTU2Iik9i8i7vGyKdfOdgcYTqTfnsHd\nf9hxcmZYZqr2ef3aDz0AhaFBJ48yps/6AMvTE5P10GLmCRvT1aFKeTpeTITVG3XC\nSi02KpHmSLizsJF3IOBlFuZTEZfTIBBJ31RxFNPL+4ZjST0q+BK/eLF8Mt/4+8UZ\nK9jAY6KH3W8WvNZNYMeZjpwZ02uhfgP/tJcvZjET9W7wnQAAA7i+8Q6tvvEOrQAA\nAAdzc2gtcnNhAAABAQCtZUfKdlESOwj6TSho4hgwWNFgnh0rSGsYhebrjv5K/TQC\nYsqrpYlTzk9IerbqXzWykt8aKixWqcF8FMzrBQ0CDqsD0c5o2ysriranozWPIoO9\nT4b/NcpPgKzjY2hc1KF6jc7ozMdmdNTYiKT2LyLu8bIp1852BxhOpN+ewd1/2HFy\nZlhmqvZ5/doPPQCFoUEnjzKmz/oAy9MTk/XQYuYJG9PVoUp5Ol5MhNUbdcJKLTYq\nkeZIuLOwkXcg4GUW5lMRl9MgEEnfVHEU08v7hmNJPSr4Er94sXwy3/j7xRkr2MBj\noofdbxa81k1gx5mOnBnTa6F+A/+0ly9mMRP1bvCdAAAAAwEAAQAAAQEAhn9gL3CV\nNBHsxdKhvLFb1+ydBFfBAnja8Zuz4hX5tAsxk4Qz9u6hVgtavjrJtYSCr3Bzc+Uw\nnUxx06CCzu4NCAJ+rqjIdddDZjPjuKbFfbBlBawxZ7a+peqGsJ7ELfWVB+4Fh9iH\n9zY6f3eGlZs8eqGp9AD8mdqpBR+ogYmZGXdwAffi7IOVllywuRhKCI/YpT14O9l9\noHGspyWCgx5Wh2Ih3mRt7bZj4lhwCgQPBp8w8qiba/jedXtNrnZnqXSxClMm9oxH\n/K/pUvlKyqHQImKhEx2F58Ew9YHFL/V6eB2rEvWEOa4u+D0N8RyNtqz0Ru7P8Yqr\noH3GMTf0vr5VtQAAAIBTdFZbsTKbyLOZXK0XSm6BjdL50P07mLi+o8MZewGHbFEf\nXczN+tVsheD/CA3y5pe7fZqod/bHa4MfwL5DRDqPtNX7WjMpoWW7brpDx43/co7x\nX4+ofbyPr6ASeDIedcPNqzB0Wm8AAi5GZgw/QnledWPw0KZpzNB6TRvH6PXuAwAA\nAIEAxVDJcqtuupJgCK0u24YRDLWuTecEQjT3ROvrGw8aHIOIdFiqSkPzsCD+Q2Wu\n3G6voZGI8DlXRqBb7XFMkpPOQkr5WjCBr8vuhjAsafa/C+CX7JeJVGyh81KYKKUP\nDkvdPolI792X1mIB8UYIIdIEvce/WljazXd/SxtEj3Ve3pMAAACBAOD3Rs8okTG1\nEyTVghxP5tD3GP24euEYkNonEIUujIwI6zARRUb4zGFovEPaTo9Olb/6UNP+jJOU\nxn7TGF8ioSpZG3y4ICq6JbmRLkFr8jVMs9SRryWiyivvXpPfv+0BBv+KcokfUXRN\nky3hDdzKe2ATK8RzodxQt1mhEoIzSkIPAAAAAAEC\n-----END OPENSSH PRIVATE KEY-----\n",
            "private_key_pem": "-----BEGIN RSA PRIVATE KEY-----\nMIIEowIBAAKCAQEArWVHynZREjsI+k0oaOIYMFjRYJ4dK0hrGIXm647+Sv00AmLK\nq6WJU85PSHq26l81spLfGiosVqnBfBTM6wUNAg6rA9HOaNsrK4q2p6M1jyKDvU+G\n/zXKT4Cs42NoXNSheo3O6MzHZnTU2Iik9i8i7vGyKdfOdgcYTqTfnsHdf9hxcmZY\nZqr2ef3aDz0AhaFBJ48yps/6AMvTE5P10GLmCRvT1aFKeTpeTITVG3XCSi02KpHm\nSLizsJF3IOBlFuZTEZfTIBBJ31RxFNPL+4ZjST0q+BK/eLF8Mt/4+8UZK9jAY6KH\n3W8WvNZNYMeZjpwZ02uhfgP/tJcvZjET9W7wnQIDAQABAoIBAQCGf2AvcJU0EezF\n0qG8sVvX7J0EV8ECeNrxm7PiFfm0CzGThDP27qFWC1q+Osm1hIKvcHNz5TCdTHHT\noILO7g0IAn6uqMh110NmM+O4psV9sGUFrDFntr6l6oawnsQt9ZUH7gWH2If3Njp/\nd4aVmzx6oan0APyZ2qkFH6iBiZkZd3AB9+Lsg5WWXLC5GEoIj9ilPXg72X2gcayn\nJYKDHlaHYiHeZG3ttmPiWHAKBA8GnzDyqJtr+N51e02udmepdLEKUyb2jEf8r+lS\n+UrKodAiYqETHYXnwTD1gcUv9Xp4HasS9YQ5ri74PQ3xHI22rPRG7s/xiqugfcYx\nN/S+vlW1AoGBAMVQyXKrbrqSYAitLtuGEQy1rk3nBEI090Tr6xsPGhyDiHRYqkpD\n87Ag/kNlrtxur6GRiPA5V0agW+1xTJKTzkJK+Vowga/L7oYwLGn2vwvgl+yXiVRs\nofNSmCilDw5L3T6JSO/dl9ZiAfFGCCHSBL3Hv1pY2s13f0sbRI91Xt6TAoGBAOD3\nRs8okTG1EyTVghxP5tD3GP24euEYkNonEIUujIwI6zARRUb4zGFovEPaTo9Olb/6\nUNP+jJOUxn7TGF8ioSpZG3y4ICq6JbmRLkFr8jVMs9SRryWiyivvXpPfv+0BBv+K\ncokfUXRNky3hDdzKe2ATK8RzodxQt1mhEoIzSkIPAoGAY5JRFjzMs/oJ3FcIvl75\nW6CTRVy/GWoBHhavnggQ9TKrOYtE5BVGdCsyJHC7vSFeH/qBUDifglSKD1iNe6p6\n+5k6G/k+eKhAxhapUw/heOztvcb61k+7qj6T6m7hGiXOkDBXTjRU2yq6MDdXAzoo\nilyyg7UzNVyIMC6ieoKQTWECgYAdExhNsbqCKBrfSdDVA+aa3zSVpgALk3c1GpNi\nAxAbERQEVFcVwxX3COg8BLzefJOSCjHkFCPq9vFodrPRp9IYfQe2aL2PiBtUDlVi\nEydsiAs9z85JGO70Gq2oguR1JwrWf/gpjKikVVpONaXrAShM1G11qFQk+zGXHeAc\nf7B7NQKBgFN0VluxMpvIs5lcrRdKboGN0vnQ/TuYuL6jwxl7AYdsUR9dzM361WyF\n4P8IDfLml7t9mqh39sdrgx/AvkNEOo+01ftaMymhZbtuukPHjf9yjvFfj6h9vI+v\noBJ4Mh51w82rMHRabwACLkZmDD9CeV51Y/DQpmnM0HpNG8fo9e4D\n-----END RSA PRIVATE KEY-----\n",
            "private_key_pem_pkcs8": "-----BEGIN PRIVATE KEY-----\nMIIEvQIBADANBgkqhkiG9w0BAQEFAASCBKcwggSjAgEAAoIBAQCtZUfKdlESOwj6\nTSho4hgwWNFgnh0rSGsYhebrjv5K/TQCYsqrpYlTzk9IerbqXzWykt8aKixWqcF8\nFMzrBQ0CDqsD0c5o2ysriranozWPIoO9T4b/NcpPgKzjY2hc1KF6jc7ozMdmdNTY\niKT2LyLu8bIp1852BxhOpN+ewd1/2HFyZlhmqvZ5/doPPQCFoUEnjzKmz/oAy9MT\nk/XQYuYJG9PVoUp5Ol5MhNUbdcJKLTYqkeZIuLOwkXcg4GUW5lMRl9MgEEnfVHEU\n08v7hmNJPSr4Er94sXwy3/j7xRkr2MBjoofdbxa81k1gx5mOnBnTa6F+A/+0ly9m\nMRP1bvCdAgMBAAECggEBAIZ/YC9wlTQR7MXSobyxW9fsnQRXwQJ42vGbs+IV+bQL\nMZOEM/buoVYLWr46ybWEgq9wc3PlMJ1McdOggs7uDQgCfq6oyHXXQ2Yz47imxX2w\nZQWsMWe2vqXqhrCexC31lQfuBYfYh/c2On93hpWbPHqhqfQA/JnaqQUfqIGJmRl3\ncAH34uyDlZZcsLkYSgiP2KU9eDvZfaBxrKclgoMeVodiId5kbe22Y+JYcAoEDwaf\nMPKom2v43nV7Ta52Z6l0sQpTJvaMR/yv6VL5Ssqh0CJioRMdhefBMPWBxS/1engd\nqxL1hDmuLvg9DfEcjbas9Ebuz/GKq6B9xjE39L6+VbUCgYEAxVDJcqtuupJgCK0u\n24YRDLWuTecEQjT3ROvrGw8aHIOIdFiqSkPzsCD+Q2Wu3G6voZGI8DlXRqBb7XFM\nkpPOQkr5WjCBr8vuhjAsafa/C+CX7JeJVGyh81KYKKUPDkvdPolI792X1mIB8UYI\nIdIEvce/WljazXd/SxtEj3Ve3pMCgYEA4PdGzyiRMbUTJNWCHE/m0PcY/bh64RiQ\n2icQhS6MjAjrMBFFRvjMYWi8Q9pOj06Vv/pQ0/6Mk5TGftMYXyKhKlkbfLggKrol\nuZEuQWvyNUyz1JGvJaLKK+9ek9+/7QEG/4pyiR9RdE2TLeEN3Mp7YBMrxHOh3FC3\nWaESgjNKQg8CgYBjklEWPMyz+gncVwi+XvlboJNFXL8ZagEeFq+eCBD1Mqs5i0Tk\nFUZ0KzIkcLu9IV4f+oFQOJ+CVIoPWI17qnr7mTob+T54qEDGFqlTD+F47O29xvrW\nT7uqPpPqbuEaJc6QMFdONFTbKrowN1cDOiiKXLKDtTM1XIgwLqJ6gpBNYQKBgB0T\nGE2xuoIoGt9J0NUD5prfNJWmAAuTdzUak2IDEBsRFARUVxXDFfcI6DwEvN58k5IK\nMeQUI+r28Wh2s9Gn0hh9B7ZovY+IG1QOVWITJ2yICz3PzkkY7vQaraiC5HUnCtZ/\n+CmMqKRVWk41pesBKEzUbXWoVCT7MZcd4Bx/sHs1AoGAU3RWW7Eym8izmVytF0pu\ngY3S+dD9O5i4vqPDGXsBh2xRH13MzfrVbIXg/wgN8uaXu32aqHf2x2uDH8C+Q0Q6\nj7TV+1ozKaFlu266Q8eN/3KO8V+PqH28j6+gEngyHnXDzaswdFpvAAIuRmYMP0J5\nXnVj8NCmaczQek0bx+j17gM=\n-----END PRIVATE KEY-----\n",
            "public_key_fingerprint_md5": "76:f9:e5:7e:d3:2f:af:43:65:f2:f6:86:d9:5e:c4:c0",
            "public_key_fingerprint_sha256": "SHA256:DJ68R1iC3jBZSLSGND+HXEVX5+TLkAk6JSTJLVBHRHk",
            "public_key_openssh": "ssh-rsa AAAAB3NzaC1yc2EAAAADAQABAAABAQCtZUfKdlESOwj6TSho4hgwWNFgnh0rSGsYhebrjv5K/TQCYsqrpYlTzk9IerbqXzWykt8aKixWqcF8FMzrBQ0CDqsD0c5o2ysriranozWPIoO9T4b/NcpPgKzjY2hc1KF6jc7ozMdmdNTYiKT2LyLu8bIp1852BxhOpN+ewd1/2HFyZlhmqvZ5/doPPQCFoUEnjzKmz/oAy9MTk/XQYuYJG9PVoUp5Ol5MhNUbdcJKLTYqkeZIuLOwkXcg4GUW5lMRl9MgEEnfVHEU08v7hmNJPSr4Er94sXwy3/j7xRkr2MBjoofdbxa81k1gx5mOnBnTa6F+A/+0ly9mMRP1bvCd\n",
            "public_key_pem": "-----BEGIN PUBLIC KEY-----\nMIIBIjANBgkqhkiG9w0BAQEFAAOCAQ8AMIIBCgKCAQEArWVHynZREjsI+k0oaOIY\nMFjRYJ4dK0hrGIXm647+Sv00AmLKq6WJU85PSHq26l81spLfGiosVqnBfBTM6wUN\nAg6rA9HOaNsrK4q2p6M1jyKDvU+G/zXKT4Cs42NoXNSheo3O6MzHZnTU2Iik9i8i\n7vGyKdfOdgcYTqTfnsHdf9hxcmZYZqr2ef3aDz0AhaFBJ48yps/6AMvTE5P10GLm\nCRvT1aFKeTpeTITVG3XCSi02KpHmSLizsJF3IOBlFuZTEZfTIBBJ31RxFNPL+4Zj\nST0q+BK/eLF8Mt/4+8UZK9jAY6KH3W8WvNZNYMeZjpwZ02uhfgP/tJcvZjET9W7w\nnQIDAQAB\n-----END PUBLIC KEY-----\n",
            "rsa_bits": 2048
          },
          "sensitive_attributes": [
            [
              {
                "type": "get_attr",
                "value": "private_key_pem"
              }
            ],
            [
              {
                "type": "get_attr",
                "value": "private_key_openssh"
              }
            ],
            [
              {
                "type": "get_attr",
                "value": "private_key_pem_pkcs8"
              }
            ]
          ]
        }
      ]
    }
  ],
  "check_results": null
}
